
Microsoft Visual Studio Solution File, Format Version 12.00
# Visual Studio Version 17
VisualStudioVersion = 17.14.36221.1
MinimumVisualStudioVersion = 10.0.40219.1
Project("{FAE04EC0-301F-11D3-BF4B-00C04F79EFBC}") = "Scalemon.ServiceHost", "Scalemon.ServiceHost\Scalemon.ServiceHost.csproj", "{1890F85D-9B15-465A-8A66-1D80727F435C}"
	ProjectSection(ProjectDependencies) = postProject
		{4B13550B-D247-45C7-98AB-84CA9BA0B4F3} = {4B13550B-D247-45C7-98AB-84CA9BA0B4F3}
		{4DB4610E-386C-4787-8AC3-CE738745E96A} = {4DB4610E-386C-4787-8AC3-CE738745E96A}
		{82AC6E77-D5B0-461C-ADED-13BC34FA4BB8} = {82AC6E77-D5B0-461C-ADED-13BC34FA4BB8}
		{A9651F3E-A16E-429A-B4D2-84EF4130B43B} = {A9651F3E-A16E-429A-B4D2-84EF4130B43B}
	EndProjectSection
EndProject
Project("{F184B08F-C81C-45F6-A57F-5ABD9991F28F}") = "Scalemon.SerialLink", "Scalemon.SerialLink\Scalemon.SerialLink.vbproj", "{4DB4610E-386C-4787-8AC3-CE738745E96A}"
	ProjectSection(ProjectDependencies) = postProject
		{00F00119-13BB-48B4-8216-FFCD889BB144} = {00F00119-13BB-48B4-8216-FFCD889BB144}
		{82AC6E77-D5B0-461C-ADED-13BC34FA4BB8} = {82AC6E77-D5B0-461C-ADED-13BC34FA4BB8}
	EndProjectSection
EndProject
Project("{F184B08F-C81C-45F6-A57F-5ABD9991F28F}") = "Scalemon.SignalBus", "Scalemon.SignalBus\Scalemon.SignalBus.vbproj", "{EF977E74-964F-4523-82ED-EEDB4744EC59}"
	ProjectSection(ProjectDependencies) = postProject
		{82AC6E77-D5B0-461C-ADED-13BC34FA4BB8} = {82AC6E77-D5B0-461C-ADED-13BC34FA4BB8}
	EndProjectSection
EndProject
Project("{F184B08F-C81C-45F6-A57F-5ABD9991F28F}") = "Scalemon.SqlDataAccess", "Scalemon.DataAccess\Scalemon.SqlDataAccess.vbproj", "{647BAD7A-A896-4F0F-84B0-F9CB19DF3952}"
	ProjectSection(ProjectDependencies) = postProject
		{82AC6E77-D5B0-461C-ADED-13BC34FA4BB8} = {82AC6E77-D5B0-461C-ADED-13BC34FA4BB8}
	EndProjectSection
EndProject
Project("{F184B08F-C81C-45F6-A57F-5ABD9991F28F}") = "Scalemon.FSM", "Scalemon.FSM\Scalemon.FSM.vbproj", "{9F539926-BFDA-47CB-84F7-D81777A697D9}"
	ProjectSection(ProjectDependencies) = postProject
		{82AC6E77-D5B0-461C-ADED-13BC34FA4BB8} = {82AC6E77-D5B0-461C-ADED-13BC34FA4BB8}
	EndProjectSection
EndProject
Project("{F184B08F-C81C-45F6-A57F-5ABD9991F28F}") = "Scalemon.Tests", "Scalemon.Tests\Scalemon.Tests.vbproj", "{A9651F3E-A16E-429A-B4D2-84EF4130B43B}"
EndProject
Project("{F184B08F-C81C-45F6-A57F-5ABD9991F28F}") = "Scalemon.UI", "Scalemon.UI\Scalemon.UI.vbproj", "{4B13550B-D247-45C7-98AB-84CA9BA0B4F3}"
EndProject
Project("{F184B08F-C81C-45F6-A57F-5ABD9991F28F}") = "Scalemon.Diagnostics", "Scalemon.Diagnostics\Scalemon.Diagnostics.vbproj", "{AEBCA79A-989E-4EA0-BA43-71DA936C7C7A}"
EndProject
Project("{F184B08F-C81C-45F6-A57F-5ABD9991F28F}") = "Scalemon.MassaKInterop", "Scalemon.MassaKInterop\Scalemon.MassaKInterop.vbproj", "{00F00119-13BB-48B4-8216-FFCD889BB144}"
	ProjectSection(ProjectDependencies) = postProject
		{82AC6E77-D5B0-461C-ADED-13BC34FA4BB8} = {82AC6E77-D5B0-461C-ADED-13BC34FA4BB8}
	EndProjectSection
EndProject
Project("{8BC9CEB8-8B4A-11D0-8D11-00A0C91BC942}") = "IndicationController", "IndicationController\IndicationController.vcxproj", "{10CE2932-63AD-4699-B5DC-FFD580D2222F}"
EndProject
Project("{2150E333-8FDC-42A3-9474-1A3956D46DE8}") = "Backend Service (.NET 8+)", "Backend Service (.NET 8+)", "{36D591C7-65C7-A0D1-1CBC-10CDE441BDC8}"
EndProject
Project("{2150E333-8FDC-42A3-9474-1A3956D46DE8}") = "Desktop Client (.NET Framework 4.8)", "Desktop Client (.NET Framework 4.8)", "{261A261C-967F-4E34-9B42-8F1880CF536A}"
EndProject
Project("{2150E333-8FDC-42A3-9474-1A3956D46DE8}") = "Arduino Firmware", "Arduino Firmware", "{B61F4063-085D-42B0-9BBC-F97BF4579972}"
EndProject
Project("{FAE04EC0-301F-11D3-BF4B-00C04F79EFBC}") = "Scalemon.ApiService", "Scalemon.ApiService\Scalemon.ApiService.csproj", "{AEF05355-CF26-4A98-99B1-840459F8F400}"
	ProjectSection(ProjectDependencies) = postProject
		{82AC6E77-D5B0-461C-ADED-13BC34FA4BB8} = {82AC6E77-D5B0-461C-ADED-13BC34FA4BB8}
		{9F539926-BFDA-47CB-84F7-D81777A697D9} = {9F539926-BFDA-47CB-84F7-D81777A697D9}
	EndProjectSection
EndProject
Project("{FAE04EC0-301F-11D3-BF4B-00C04F79EFBC}") = "Scalemon.Common", "Scalemon.Common\Scalemon.Common.csproj", "{82AC6E77-D5B0-461C-ADED-13BC34FA4BB8}"
EndProject
Project("{FAE04EC0-301F-11D3-BF4B-00C04F79EFBC}") = "Scalemon.WebApp", "Scalemon.WebApp\Scalemon.WebApp.csproj", "{4FAE6182-EF24-1305-6DA1-9B9AE60A9B87}"
EndProject
Global
	GlobalSection(SolutionConfigurationPlatforms) = preSolution
		ArduinoController|Any CPU = ArduinoController|Any CPU
		ArduinoController|ARM = ArduinoController|ARM
		ArduinoController|ARM64 = ArduinoController|ARM64
		ArduinoController|x64 = ArduinoController|x64
		ArduinoController|x86 = ArduinoController|x86
		ScalemonViewer|Any CPU = ScalemonViewer|Any CPU
		ScalemonViewer|ARM = ScalemonViewer|ARM
		ScalemonViewer|ARM64 = ScalemonViewer|ARM64
		ScalemonViewer|x64 = ScalemonViewer|x64
		ScalemonViewer|x86 = ScalemonViewer|x86
		ServiceDebug|Any CPU = ServiceDebug|Any CPU
		ServiceDebug|ARM = ServiceDebug|ARM
		ServiceDebug|ARM64 = ServiceDebug|ARM64
		ServiceDebug|x64 = ServiceDebug|x64
		ServiceDebug|x86 = ServiceDebug|x86
		ServiceRelease|Any CPU = ServiceRelease|Any CPU
		ServiceRelease|ARM = ServiceRelease|ARM
		ServiceRelease|ARM64 = ServiceRelease|ARM64
		ServiceRelease|x64 = ServiceRelease|x64
		ServiceRelease|x86 = ServiceRelease|x86
	EndGlobalSection
	GlobalSection(ProjectConfigurationPlatforms) = postSolution
		{1890F85D-9B15-465A-8A66-1D80727F435C}.ArduinoController|Any CPU.ActiveCfg = Debug|Any CPU
		{1890F85D-9B15-465A-8A66-1D80727F435C}.ArduinoController|ARM.ActiveCfg = ArduinoController|Any CPU
		{1890F85D-9B15-465A-8A66-1D80727F435C}.ArduinoController|ARM.Build.0 = ArduinoController|Any CPU
		{1890F85D-9B15-465A-8A66-1D80727F435C}.ArduinoController|ARM64.ActiveCfg = ArduinoController|Any CPU
		{1890F85D-9B15-465A-8A66-1D80727F435C}.ArduinoController|ARM64.Build.0 = ArduinoController|Any CPU
		{1890F85D-9B15-465A-8A66-1D80727F435C}.ArduinoController|x64.ActiveCfg = ArduinoController|Any CPU
		{1890F85D-9B15-465A-8A66-1D80727F435C}.ArduinoController|x64.Build.0 = ArduinoController|Any CPU
		{1890F85D-9B15-465A-8A66-1D80727F435C}.ArduinoController|x86.ActiveCfg = ArduinoController|Any CPU
		{1890F85D-9B15-465A-8A66-1D80727F435C}.ArduinoController|x86.Build.0 = ArduinoController|Any CPU
		{1890F85D-9B15-465A-8A66-1D80727F435C}.ScalemonViewer|Any CPU.ActiveCfg = Debug|Any CPU
		{1890F85D-9B15-465A-8A66-1D80727F435C}.ScalemonViewer|ARM.ActiveCfg = ScalemonViewer|Any CPU
		{1890F85D-9B15-465A-8A66-1D80727F435C}.ScalemonViewer|ARM.Build.0 = ScalemonViewer|Any CPU
		{1890F85D-9B15-465A-8A66-1D80727F435C}.ScalemonViewer|ARM64.ActiveCfg = ScalemonViewer|Any CPU
		{1890F85D-9B15-465A-8A66-1D80727F435C}.ScalemonViewer|ARM64.Build.0 = ScalemonViewer|Any CPU
		{1890F85D-9B15-465A-8A66-1D80727F435C}.ScalemonViewer|x64.ActiveCfg = ScalemonViewer|Any CPU
		{1890F85D-9B15-465A-8A66-1D80727F435C}.ScalemonViewer|x64.Build.0 = ScalemonViewer|Any CPU
		{1890F85D-9B15-465A-8A66-1D80727F435C}.ScalemonViewer|x86.ActiveCfg = ScalemonViewer|Any CPU
		{1890F85D-9B15-465A-8A66-1D80727F435C}.ScalemonViewer|x86.Build.0 = ScalemonViewer|Any CPU
		{1890F85D-9B15-465A-8A66-1D80727F435C}.ServiceDebug|Any CPU.ActiveCfg = Debug|Any CPU
		{1890F85D-9B15-465A-8A66-1D80727F435C}.ServiceDebug|Any CPU.Build.0 = Debug|Any CPU
		{1890F85D-9B15-465A-8A66-1D80727F435C}.ServiceDebug|ARM.ActiveCfg = Debug|Any CPU
		{1890F85D-9B15-465A-8A66-1D80727F435C}.ServiceDebug|ARM.Build.0 = Debug|Any CPU
		{1890F85D-9B15-465A-8A66-1D80727F435C}.ServiceDebug|ARM64.ActiveCfg = Debug|Any CPU
		{1890F85D-9B15-465A-8A66-1D80727F435C}.ServiceDebug|ARM64.Build.0 = Debug|Any CPU
		{1890F85D-9B15-465A-8A66-1D80727F435C}.ServiceDebug|x64.ActiveCfg = Debug|Any CPU
		{1890F85D-9B15-465A-8A66-1D80727F435C}.ServiceDebug|x64.Build.0 = Debug|Any CPU
		{1890F85D-9B15-465A-8A66-1D80727F435C}.ServiceDebug|x86.ActiveCfg = Debug|Any CPU
		{1890F85D-9B15-465A-8A66-1D80727F435C}.ServiceDebug|x86.Build.0 = Debug|Any CPU
		{1890F85D-9B15-465A-8A66-1D80727F435C}.ServiceRelease|Any CPU.ActiveCfg = Release|Any CPU
		{1890F85D-9B15-465A-8A66-1D80727F435C}.ServiceRelease|Any CPU.Build.0 = Release|Any CPU
		{1890F85D-9B15-465A-8A66-1D80727F435C}.ServiceRelease|ARM.ActiveCfg = Release|Any CPU
		{1890F85D-9B15-465A-8A66-1D80727F435C}.ServiceRelease|ARM.Build.0 = Release|Any CPU
		{1890F85D-9B15-465A-8A66-1D80727F435C}.ServiceRelease|ARM64.ActiveCfg = Release|Any CPU
		{1890F85D-9B15-465A-8A66-1D80727F435C}.ServiceRelease|ARM64.Build.0 = Release|Any CPU
		{1890F85D-9B15-465A-8A66-1D80727F435C}.ServiceRelease|x64.ActiveCfg = Release|Any CPU
		{1890F85D-9B15-465A-8A66-1D80727F435C}.ServiceRelease|x64.Build.0 = Release|Any CPU
		{1890F85D-9B15-465A-8A66-1D80727F435C}.ServiceRelease|x86.ActiveCfg = Release|Any CPU
		{1890F85D-9B15-465A-8A66-1D80727F435C}.ServiceRelease|x86.Build.0 = Release|Any CPU
		{4DB4610E-386C-4787-8AC3-CE738745E96A}.ArduinoController|Any CPU.ActiveCfg = Debug|Any CPU
		{4DB4610E-386C-4787-8AC3-CE738745E96A}.ArduinoController|ARM.ActiveCfg = ArduinoController|Any CPU
		{4DB4610E-386C-4787-8AC3-CE738745E96A}.ArduinoController|ARM.Build.0 = ArduinoController|Any CPU
		{4DB4610E-386C-4787-8AC3-CE738745E96A}.ArduinoController|ARM64.ActiveCfg = ArduinoController|Any CPU
		{4DB4610E-386C-4787-8AC3-CE738745E96A}.ArduinoController|ARM64.Build.0 = ArduinoController|Any CPU
		{4DB4610E-386C-4787-8AC3-CE738745E96A}.ArduinoController|x64.ActiveCfg = ArduinoController|Any CPU
		{4DB4610E-386C-4787-8AC3-CE738745E96A}.ArduinoController|x64.Build.0 = ArduinoController|Any CPU
		{4DB4610E-386C-4787-8AC3-CE738745E96A}.ArduinoController|x86.ActiveCfg = ArduinoController|Any CPU
		{4DB4610E-386C-4787-8AC3-CE738745E96A}.ArduinoController|x86.Build.0 = ArduinoController|Any CPU
		{4DB4610E-386C-4787-8AC3-CE738745E96A}.ScalemonViewer|Any CPU.ActiveCfg = Debug|Any CPU
		{4DB4610E-386C-4787-8AC3-CE738745E96A}.ScalemonViewer|ARM.ActiveCfg = ScalemonViewer|Any CPU
		{4DB4610E-386C-4787-8AC3-CE738745E96A}.ScalemonViewer|ARM.Build.0 = ScalemonViewer|Any CPU
		{4DB4610E-386C-4787-8AC3-CE738745E96A}.ScalemonViewer|ARM64.ActiveCfg = ScalemonViewer|Any CPU
		{4DB4610E-386C-4787-8AC3-CE738745E96A}.ScalemonViewer|ARM64.Build.0 = ScalemonViewer|Any CPU
		{4DB4610E-386C-4787-8AC3-CE738745E96A}.ScalemonViewer|x64.ActiveCfg = ScalemonViewer|Any CPU
		{4DB4610E-386C-4787-8AC3-CE738745E96A}.ScalemonViewer|x64.Build.0 = ScalemonViewer|Any CPU
		{4DB4610E-386C-4787-8AC3-CE738745E96A}.ScalemonViewer|x86.ActiveCfg = ScalemonViewer|Any CPU
		{4DB4610E-386C-4787-8AC3-CE738745E96A}.ScalemonViewer|x86.Build.0 = ScalemonViewer|Any CPU
		{4DB4610E-386C-4787-8AC3-CE738745E96A}.ServiceDebug|Any CPU.ActiveCfg = Debug|Any CPU
		{4DB4610E-386C-4787-8AC3-CE738745E96A}.ServiceDebug|Any CPU.Build.0 = Debug|Any CPU
		{4DB4610E-386C-4787-8AC3-CE738745E96A}.ServiceDebug|ARM.ActiveCfg = Debug|Any CPU
		{4DB4610E-386C-4787-8AC3-CE738745E96A}.ServiceDebug|ARM.Build.0 = Debug|Any CPU
		{4DB4610E-386C-4787-8AC3-CE738745E96A}.ServiceDebug|ARM64.ActiveCfg = Debug|Any CPU
		{4DB4610E-386C-4787-8AC3-CE738745E96A}.ServiceDebug|ARM64.Build.0 = Debug|Any CPU
		{4DB4610E-386C-4787-8AC3-CE738745E96A}.ServiceDebug|x64.ActiveCfg = Debug|Any CPU
		{4DB4610E-386C-4787-8AC3-CE738745E96A}.ServiceDebug|x64.Build.0 = Debug|Any CPU
		{4DB4610E-386C-4787-8AC3-CE738745E96A}.ServiceDebug|x86.ActiveCfg = Debug|Any CPU
		{4DB4610E-386C-4787-8AC3-CE738745E96A}.ServiceDebug|x86.Build.0 = Debug|Any CPU
		{4DB4610E-386C-4787-8AC3-CE738745E96A}.ServiceRelease|Any CPU.ActiveCfg = Release|Any CPU
		{4DB4610E-386C-4787-8AC3-CE738745E96A}.ServiceRelease|Any CPU.Build.0 = Release|Any CPU
		{4DB4610E-386C-4787-8AC3-CE738745E96A}.ServiceRelease|ARM.ActiveCfg = Release|Any CPU
		{4DB4610E-386C-4787-8AC3-CE738745E96A}.ServiceRelease|ARM.Build.0 = Release|Any CPU
		{4DB4610E-386C-4787-8AC3-CE738745E96A}.ServiceRelease|ARM64.ActiveCfg = Release|Any CPU
		{4DB4610E-386C-4787-8AC3-CE738745E96A}.ServiceRelease|ARM64.Build.0 = Release|Any CPU
		{4DB4610E-386C-4787-8AC3-CE738745E96A}.ServiceRelease|x64.ActiveCfg = Release|Any CPU
		{4DB4610E-386C-4787-8AC3-CE738745E96A}.ServiceRelease|x64.Build.0 = Release|Any CPU
		{4DB4610E-386C-4787-8AC3-CE738745E96A}.ServiceRelease|x86.ActiveCfg = Release|Any CPU
		{4DB4610E-386C-4787-8AC3-CE738745E96A}.ServiceRelease|x86.Build.0 = Release|Any CPU
		{EF977E74-964F-4523-82ED-EEDB4744EC59}.ArduinoController|Any CPU.ActiveCfg = Debug|Any CPU
		{EF977E74-964F-4523-82ED-EEDB4744EC59}.ArduinoController|ARM.ActiveCfg = ArduinoController|Any CPU
		{EF977E74-964F-4523-82ED-EEDB4744EC59}.ArduinoController|ARM.Build.0 = ArduinoController|Any CPU
		{EF977E74-964F-4523-82ED-EEDB4744EC59}.ArduinoController|ARM64.ActiveCfg = ArduinoController|Any CPU
		{EF977E74-964F-4523-82ED-EEDB4744EC59}.ArduinoController|ARM64.Build.0 = ArduinoController|Any CPU
		{EF977E74-964F-4523-82ED-EEDB4744EC59}.ArduinoController|x64.ActiveCfg = ArduinoController|Any CPU
		{EF977E74-964F-4523-82ED-EEDB4744EC59}.ArduinoController|x64.Build.0 = ArduinoController|Any CPU
		{EF977E74-964F-4523-82ED-EEDB4744EC59}.ArduinoController|x86.ActiveCfg = ArduinoController|Any CPU
		{EF977E74-964F-4523-82ED-EEDB4744EC59}.ArduinoController|x86.Build.0 = ArduinoController|Any CPU
		{EF977E74-964F-4523-82ED-EEDB4744EC59}.ScalemonViewer|Any CPU.ActiveCfg = Debug|Any CPU
		{EF977E74-964F-4523-82ED-EEDB4744EC59}.ScalemonViewer|ARM.ActiveCfg = ScalemonViewer|Any CPU
		{EF977E74-964F-4523-82ED-EEDB4744EC59}.ScalemonViewer|ARM.Build.0 = ScalemonViewer|Any CPU
		{EF977E74-964F-4523-82ED-EEDB4744EC59}.ScalemonViewer|ARM64.ActiveCfg = ScalemonViewer|Any CPU
		{EF977E74-964F-4523-82ED-EEDB4744EC59}.ScalemonViewer|ARM64.Build.0 = ScalemonViewer|Any CPU
		{EF977E74-964F-4523-82ED-EEDB4744EC59}.ScalemonViewer|x64.ActiveCfg = ScalemonViewer|Any CPU
		{EF977E74-964F-4523-82ED-EEDB4744EC59}.ScalemonViewer|x64.Build.0 = ScalemonViewer|Any CPU
		{EF977E74-964F-4523-82ED-EEDB4744EC59}.ScalemonViewer|x86.ActiveCfg = ScalemonViewer|Any CPU
		{EF977E74-964F-4523-82ED-EEDB4744EC59}.ScalemonViewer|x86.Build.0 = ScalemonViewer|Any CPU
		{EF977E74-964F-4523-82ED-EEDB4744EC59}.ServiceDebug|Any CPU.ActiveCfg = Debug|Any CPU
		{EF977E74-964F-4523-82ED-EEDB4744EC59}.ServiceDebug|Any CPU.Build.0 = Debug|Any CPU
		{EF977E74-964F-4523-82ED-EEDB4744EC59}.ServiceDebug|ARM.ActiveCfg = Debug|Any CPU
		{EF977E74-964F-4523-82ED-EEDB4744EC59}.ServiceDebug|ARM.Build.0 = Debug|Any CPU
		{EF977E74-964F-4523-82ED-EEDB4744EC59}.ServiceDebug|ARM64.ActiveCfg = Debug|Any CPU
		{EF977E74-964F-4523-82ED-EEDB4744EC59}.ServiceDebug|ARM64.Build.0 = Debug|Any CPU
		{EF977E74-964F-4523-82ED-EEDB4744EC59}.ServiceDebug|x64.ActiveCfg = Debug|Any CPU
		{EF977E74-964F-4523-82ED-EEDB4744EC59}.ServiceDebug|x64.Build.0 = Debug|Any CPU
		{EF977E74-964F-4523-82ED-EEDB4744EC59}.ServiceDebug|x86.ActiveCfg = Debug|Any CPU
		{EF977E74-964F-4523-82ED-EEDB4744EC59}.ServiceDebug|x86.Build.0 = Debug|Any CPU
		{EF977E74-964F-4523-82ED-EEDB4744EC59}.ServiceRelease|Any CPU.ActiveCfg = Release|Any CPU
		{EF977E74-964F-4523-82ED-EEDB4744EC59}.ServiceRelease|Any CPU.Build.0 = Release|Any CPU
		{EF977E74-964F-4523-82ED-EEDB4744EC59}.ServiceRelease|ARM.ActiveCfg = Release|Any CPU
		{EF977E74-964F-4523-82ED-EEDB4744EC59}.ServiceRelease|ARM.Build.0 = Release|Any CPU
		{EF977E74-964F-4523-82ED-EEDB4744EC59}.ServiceRelease|ARM64.ActiveCfg = Release|Any CPU
		{EF977E74-964F-4523-82ED-EEDB4744EC59}.ServiceRelease|ARM64.Build.0 = Release|Any CPU
		{EF977E74-964F-4523-82ED-EEDB4744EC59}.ServiceRelease|x64.ActiveCfg = Release|Any CPU
		{EF977E74-964F-4523-82ED-EEDB4744EC59}.ServiceRelease|x64.Build.0 = Release|Any CPU
		{EF977E74-964F-4523-82ED-EEDB4744EC59}.ServiceRelease|x86.ActiveCfg = Release|Any CPU
		{EF977E74-964F-4523-82ED-EEDB4744EC59}.ServiceRelease|x86.Build.0 = Release|Any CPU
		{647BAD7A-A896-4F0F-84B0-F9CB19DF3952}.ArduinoController|Any CPU.ActiveCfg = Debug|Any CPU
		{647BAD7A-A896-4F0F-84B0-F9CB19DF3952}.ArduinoController|ARM.ActiveCfg = ArduinoController|Any CPU
		{647BAD7A-A896-4F0F-84B0-F9CB19DF3952}.ArduinoController|ARM.Build.0 = ArduinoController|Any CPU
		{647BAD7A-A896-4F0F-84B0-F9CB19DF3952}.ArduinoController|ARM64.ActiveCfg = ArduinoController|Any CPU
		{647BAD7A-A896-4F0F-84B0-F9CB19DF3952}.ArduinoController|ARM64.Build.0 = ArduinoController|Any CPU
		{647BAD7A-A896-4F0F-84B0-F9CB19DF3952}.ArduinoController|x64.ActiveCfg = ArduinoController|Any CPU
		{647BAD7A-A896-4F0F-84B0-F9CB19DF3952}.ArduinoController|x64.Build.0 = ArduinoController|Any CPU
		{647BAD7A-A896-4F0F-84B0-F9CB19DF3952}.ArduinoController|x86.ActiveCfg = ArduinoController|Any CPU
		{647BAD7A-A896-4F0F-84B0-F9CB19DF3952}.ArduinoController|x86.Build.0 = ArduinoController|Any CPU
		{647BAD7A-A896-4F0F-84B0-F9CB19DF3952}.ScalemonViewer|Any CPU.ActiveCfg = Debug|Any CPU
		{647BAD7A-A896-4F0F-84B0-F9CB19DF3952}.ScalemonViewer|ARM.ActiveCfg = ScalemonViewer|Any CPU
		{647BAD7A-A896-4F0F-84B0-F9CB19DF3952}.ScalemonViewer|ARM.Build.0 = ScalemonViewer|Any CPU
		{647BAD7A-A896-4F0F-84B0-F9CB19DF3952}.ScalemonViewer|ARM64.ActiveCfg = ScalemonViewer|Any CPU
		{647BAD7A-A896-4F0F-84B0-F9CB19DF3952}.ScalemonViewer|ARM64.Build.0 = ScalemonViewer|Any CPU
		{647BAD7A-A896-4F0F-84B0-F9CB19DF3952}.ScalemonViewer|x64.ActiveCfg = ScalemonViewer|Any CPU
		{647BAD7A-A896-4F0F-84B0-F9CB19DF3952}.ScalemonViewer|x64.Build.0 = ScalemonViewer|Any CPU
		{647BAD7A-A896-4F0F-84B0-F9CB19DF3952}.ScalemonViewer|x86.ActiveCfg = ScalemonViewer|Any CPU
		{647BAD7A-A896-4F0F-84B0-F9CB19DF3952}.ScalemonViewer|x86.Build.0 = ScalemonViewer|Any CPU
		{647BAD7A-A896-4F0F-84B0-F9CB19DF3952}.ServiceDebug|Any CPU.ActiveCfg = Debug|Any CPU
		{647BAD7A-A896-4F0F-84B0-F9CB19DF3952}.ServiceDebug|Any CPU.Build.0 = Debug|Any CPU
		{647BAD7A-A896-4F0F-84B0-F9CB19DF3952}.ServiceDebug|ARM.ActiveCfg = Debug|Any CPU
		{647BAD7A-A896-4F0F-84B0-F9CB19DF3952}.ServiceDebug|ARM.Build.0 = Debug|Any CPU
		{647BAD7A-A896-4F0F-84B0-F9CB19DF3952}.ServiceDebug|ARM64.ActiveCfg = Debug|Any CPU
		{647BAD7A-A896-4F0F-84B0-F9CB19DF3952}.ServiceDebug|ARM64.Build.0 = Debug|Any CPU
		{647BAD7A-A896-4F0F-84B0-F9CB19DF3952}.ServiceDebug|x64.ActiveCfg = Debug|Any CPU
		{647BAD7A-A896-4F0F-84B0-F9CB19DF3952}.ServiceDebug|x64.Build.0 = Debug|Any CPU
		{647BAD7A-A896-4F0F-84B0-F9CB19DF3952}.ServiceDebug|x86.ActiveCfg = Debug|Any CPU
		{647BAD7A-A896-4F0F-84B0-F9CB19DF3952}.ServiceDebug|x86.Build.0 = Debug|Any CPU
		{647BAD7A-A896-4F0F-84B0-F9CB19DF3952}.ServiceRelease|Any CPU.ActiveCfg = Release|Any CPU
		{647BAD7A-A896-4F0F-84B0-F9CB19DF3952}.ServiceRelease|Any CPU.Build.0 = Release|Any CPU
		{647BAD7A-A896-4F0F-84B0-F9CB19DF3952}.ServiceRelease|ARM.ActiveCfg = Release|Any CPU
		{647BAD7A-A896-4F0F-84B0-F9CB19DF3952}.ServiceRelease|ARM.Build.0 = Release|Any CPU
		{647BAD7A-A896-4F0F-84B0-F9CB19DF3952}.ServiceRelease|ARM64.ActiveCfg = Release|Any CPU
		{647BAD7A-A896-4F0F-84B0-F9CB19DF3952}.ServiceRelease|ARM64.Build.0 = Release|Any CPU
		{647BAD7A-A896-4F0F-84B0-F9CB19DF3952}.ServiceRelease|x64.ActiveCfg = Release|Any CPU
		{647BAD7A-A896-4F0F-84B0-F9CB19DF3952}.ServiceRelease|x64.Build.0 = Release|Any CPU
		{647BAD7A-A896-4F0F-84B0-F9CB19DF3952}.ServiceRelease|x86.ActiveCfg = Release|Any CPU
		{647BAD7A-A896-4F0F-84B0-F9CB19DF3952}.ServiceRelease|x86.Build.0 = Release|Any CPU
		{9F539926-BFDA-47CB-84F7-D81777A697D9}.ArduinoController|Any CPU.ActiveCfg = Debug|Any CPU
		{9F539926-BFDA-47CB-84F7-D81777A697D9}.ArduinoController|ARM.ActiveCfg = ArduinoController|Any CPU
		{9F539926-BFDA-47CB-84F7-D81777A697D9}.ArduinoController|ARM.Build.0 = ArduinoController|Any CPU
		{9F539926-BFDA-47CB-84F7-D81777A697D9}.ArduinoController|ARM64.ActiveCfg = ArduinoController|Any CPU
		{9F539926-BFDA-47CB-84F7-D81777A697D9}.ArduinoController|ARM64.Build.0 = ArduinoController|Any CPU
		{9F539926-BFDA-47CB-84F7-D81777A697D9}.ArduinoController|x64.ActiveCfg = ArduinoController|Any CPU
		{9F539926-BFDA-47CB-84F7-D81777A697D9}.ArduinoController|x64.Build.0 = ArduinoController|Any CPU
		{9F539926-BFDA-47CB-84F7-D81777A697D9}.ArduinoController|x86.ActiveCfg = ArduinoController|Any CPU
		{9F539926-BFDA-47CB-84F7-D81777A697D9}.ArduinoController|x86.Build.0 = ArduinoController|Any CPU
		{9F539926-BFDA-47CB-84F7-D81777A697D9}.ScalemonViewer|Any CPU.ActiveCfg = Debug|Any CPU
		{9F539926-BFDA-47CB-84F7-D81777A697D9}.ScalemonViewer|ARM.ActiveCfg = ScalemonViewer|Any CPU
		{9F539926-BFDA-47CB-84F7-D81777A697D9}.ScalemonViewer|ARM.Build.0 = ScalemonViewer|Any CPU
		{9F539926-BFDA-47CB-84F7-D81777A697D9}.ScalemonViewer|ARM64.ActiveCfg = ScalemonViewer|Any CPU
		{9F539926-BFDA-47CB-84F7-D81777A697D9}.ScalemonViewer|ARM64.Build.0 = ScalemonViewer|Any CPU
		{9F539926-BFDA-47CB-84F7-D81777A697D9}.ScalemonViewer|x64.ActiveCfg = ScalemonViewer|Any CPU
		{9F539926-BFDA-47CB-84F7-D81777A697D9}.ScalemonViewer|x64.Build.0 = ScalemonViewer|Any CPU
		{9F539926-BFDA-47CB-84F7-D81777A697D9}.ScalemonViewer|x86.ActiveCfg = ScalemonViewer|Any CPU
		{9F539926-BFDA-47CB-84F7-D81777A697D9}.ScalemonViewer|x86.Build.0 = ScalemonViewer|Any CPU
		{9F539926-BFDA-47CB-84F7-D81777A697D9}.ServiceDebug|Any CPU.ActiveCfg = Debug|Any CPU
		{9F539926-BFDA-47CB-84F7-D81777A697D9}.ServiceDebug|Any CPU.Build.0 = Debug|Any CPU
		{9F539926-BFDA-47CB-84F7-D81777A697D9}.ServiceDebug|ARM.ActiveCfg = Debug|Any CPU
		{9F539926-BFDA-47CB-84F7-D81777A697D9}.ServiceDebug|ARM.Build.0 = Debug|Any CPU
		{9F539926-BFDA-47CB-84F7-D81777A697D9}.ServiceDebug|ARM64.ActiveCfg = Debug|Any CPU
		{9F539926-BFDA-47CB-84F7-D81777A697D9}.ServiceDebug|ARM64.Build.0 = Debug|Any CPU
		{9F539926-BFDA-47CB-84F7-D81777A697D9}.ServiceDebug|x64.ActiveCfg = Debug|Any CPU
		{9F539926-BFDA-47CB-84F7-D81777A697D9}.ServiceDebug|x64.Build.0 = Debug|Any CPU
		{9F539926-BFDA-47CB-84F7-D81777A697D9}.ServiceDebug|x86.ActiveCfg = Debug|Any CPU
		{9F539926-BFDA-47CB-84F7-D81777A697D9}.ServiceDebug|x86.Build.0 = Debug|Any CPU
		{9F539926-BFDA-47CB-84F7-D81777A697D9}.ServiceRelease|Any CPU.ActiveCfg = Release|Any CPU
		{9F539926-BFDA-47CB-84F7-D81777A697D9}.ServiceRelease|Any CPU.Build.0 = Release|Any CPU
		{9F539926-BFDA-47CB-84F7-D81777A697D9}.ServiceRelease|ARM.ActiveCfg = Release|Any CPU
		{9F539926-BFDA-47CB-84F7-D81777A697D9}.ServiceRelease|ARM.Build.0 = Release|Any CPU
		{9F539926-BFDA-47CB-84F7-D81777A697D9}.ServiceRelease|ARM64.ActiveCfg = Release|Any CPU
		{9F539926-BFDA-47CB-84F7-D81777A697D9}.ServiceRelease|ARM64.Build.0 = Release|Any CPU
		{9F539926-BFDA-47CB-84F7-D81777A697D9}.ServiceRelease|x64.ActiveCfg = Release|Any CPU
		{9F539926-BFDA-47CB-84F7-D81777A697D9}.ServiceRelease|x64.Build.0 = Release|Any CPU
		{9F539926-BFDA-47CB-84F7-D81777A697D9}.ServiceRelease|x86.ActiveCfg = Release|Any CPU
		{9F539926-BFDA-47CB-84F7-D81777A697D9}.ServiceRelease|x86.Build.0 = Release|Any CPU
		{A9651F3E-A16E-429A-B4D2-84EF4130B43B}.ArduinoController|Any CPU.ActiveCfg = Debug|Any CPU
		{A9651F3E-A16E-429A-B4D2-84EF4130B43B}.ArduinoController|ARM.ActiveCfg = ArduinoController|Any CPU
		{A9651F3E-A16E-429A-B4D2-84EF4130B43B}.ArduinoController|ARM.Build.0 = ArduinoController|Any CPU
		{A9651F3E-A16E-429A-B4D2-84EF4130B43B}.ArduinoController|ARM64.ActiveCfg = ArduinoController|Any CPU
		{A9651F3E-A16E-429A-B4D2-84EF4130B43B}.ArduinoController|ARM64.Build.0 = ArduinoController|Any CPU
		{A9651F3E-A16E-429A-B4D2-84EF4130B43B}.ArduinoController|x64.ActiveCfg = ArduinoController|Any CPU
		{A9651F3E-A16E-429A-B4D2-84EF4130B43B}.ArduinoController|x64.Build.0 = ArduinoController|Any CPU
		{A9651F3E-A16E-429A-B4D2-84EF4130B43B}.ArduinoController|x86.ActiveCfg = ArduinoController|Any CPU
		{A9651F3E-A16E-429A-B4D2-84EF4130B43B}.ArduinoController|x86.Build.0 = ArduinoController|Any CPU
		{A9651F3E-A16E-429A-B4D2-84EF4130B43B}.ScalemonViewer|Any CPU.ActiveCfg = Debug|Any CPU
		{A9651F3E-A16E-429A-B4D2-84EF4130B43B}.ScalemonViewer|ARM.ActiveCfg = ScalemonViewer|Any CPU
		{A9651F3E-A16E-429A-B4D2-84EF4130B43B}.ScalemonViewer|ARM.Build.0 = ScalemonViewer|Any CPU
		{A9651F3E-A16E-429A-B4D2-84EF4130B43B}.ScalemonViewer|ARM64.ActiveCfg = ScalemonViewer|Any CPU
		{A9651F3E-A16E-429A-B4D2-84EF4130B43B}.ScalemonViewer|ARM64.Build.0 = ScalemonViewer|Any CPU
		{A9651F3E-A16E-429A-B4D2-84EF4130B43B}.ScalemonViewer|x64.ActiveCfg = ScalemonViewer|Any CPU
		{A9651F3E-A16E-429A-B4D2-84EF4130B43B}.ScalemonViewer|x64.Build.0 = ScalemonViewer|Any CPU
		{A9651F3E-A16E-429A-B4D2-84EF4130B43B}.ScalemonViewer|x86.ActiveCfg = ScalemonViewer|Any CPU
		{A9651F3E-A16E-429A-B4D2-84EF4130B43B}.ScalemonViewer|x86.Build.0 = ScalemonViewer|Any CPU
		{A9651F3E-A16E-429A-B4D2-84EF4130B43B}.ServiceDebug|Any CPU.ActiveCfg = Debug|Any CPU
		{A9651F3E-A16E-429A-B4D2-84EF4130B43B}.ServiceDebug|Any CPU.Build.0 = Debug|Any CPU
		{A9651F3E-A16E-429A-B4D2-84EF4130B43B}.ServiceDebug|ARM.ActiveCfg = Debug|Any CPU
		{A9651F3E-A16E-429A-B4D2-84EF4130B43B}.ServiceDebug|ARM.Build.0 = Debug|Any CPU
		{A9651F3E-A16E-429A-B4D2-84EF4130B43B}.ServiceDebug|ARM64.ActiveCfg = Debug|Any CPU
		{A9651F3E-A16E-429A-B4D2-84EF4130B43B}.ServiceDebug|ARM64.Build.0 = Debug|Any CPU
		{A9651F3E-A16E-429A-B4D2-84EF4130B43B}.ServiceDebug|x64.ActiveCfg = Debug|Any CPU
		{A9651F3E-A16E-429A-B4D2-84EF4130B43B}.ServiceDebug|x64.Build.0 = Debug|Any CPU
		{A9651F3E-A16E-429A-B4D2-84EF4130B43B}.ServiceDebug|x86.ActiveCfg = Debug|Any CPU
		{A9651F3E-A16E-429A-B4D2-84EF4130B43B}.ServiceDebug|x86.Build.0 = Debug|Any CPU
		{A9651F3E-A16E-429A-B4D2-84EF4130B43B}.ServiceRelease|Any CPU.ActiveCfg = Release|Any CPU
		{A9651F3E-A16E-429A-B4D2-84EF4130B43B}.ServiceRelease|ARM.ActiveCfg = Release|Any CPU
		{A9651F3E-A16E-429A-B4D2-84EF4130B43B}.ServiceRelease|ARM.Build.0 = Release|Any CPU
		{A9651F3E-A16E-429A-B4D2-84EF4130B43B}.ServiceRelease|ARM64.ActiveCfg = Release|Any CPU
		{A9651F3E-A16E-429A-B4D2-84EF4130B43B}.ServiceRelease|ARM64.Build.0 = Release|Any CPU
		{A9651F3E-A16E-429A-B4D2-84EF4130B43B}.ServiceRelease|x64.ActiveCfg = Release|Any CPU
		{A9651F3E-A16E-429A-B4D2-84EF4130B43B}.ServiceRelease|x64.Build.0 = Release|Any CPU
		{A9651F3E-A16E-429A-B4D2-84EF4130B43B}.ServiceRelease|x86.ActiveCfg = Release|Any CPU
		{A9651F3E-A16E-429A-B4D2-84EF4130B43B}.ServiceRelease|x86.Build.0 = Release|Any CPU
		{4B13550B-D247-45C7-98AB-84CA9BA0B4F3}.ArduinoController|Any CPU.ActiveCfg = ScalemonViewer|Any CPU
		{4B13550B-D247-45C7-98AB-84CA9BA0B4F3}.ArduinoController|ARM.ActiveCfg = ArduinoController|Any CPU
		{4B13550B-D247-45C7-98AB-84CA9BA0B4F3}.ArduinoController|ARM.Build.0 = ArduinoController|Any CPU
		{4B13550B-D247-45C7-98AB-84CA9BA0B4F3}.ArduinoController|ARM64.ActiveCfg = ArduinoController|Any CPU
		{4B13550B-D247-45C7-98AB-84CA9BA0B4F3}.ArduinoController|ARM64.Build.0 = ArduinoController|Any CPU
		{4B13550B-D247-45C7-98AB-84CA9BA0B4F3}.ArduinoController|x64.ActiveCfg = ArduinoController|Any CPU
		{4B13550B-D247-45C7-98AB-84CA9BA0B4F3}.ArduinoController|x64.Build.0 = ArduinoController|Any CPU
		{4B13550B-D247-45C7-98AB-84CA9BA0B4F3}.ArduinoController|x86.ActiveCfg = ArduinoController|Any CPU
		{4B13550B-D247-45C7-98AB-84CA9BA0B4F3}.ArduinoController|x86.Build.0 = ArduinoController|Any CPU
		{4B13550B-D247-45C7-98AB-84CA9BA0B4F3}.ScalemonViewer|Any CPU.ActiveCfg = ScalemonViewer|Any CPU
		{4B13550B-D247-45C7-98AB-84CA9BA0B4F3}.ScalemonViewer|Any CPU.Build.0 = ScalemonViewer|Any CPU
		{4B13550B-D247-45C7-98AB-84CA9BA0B4F3}.ScalemonViewer|ARM.ActiveCfg = ScalemonViewer|Any CPU
		{4B13550B-D247-45C7-98AB-84CA9BA0B4F3}.ScalemonViewer|ARM.Build.0 = ScalemonViewer|Any CPU
		{4B13550B-D247-45C7-98AB-84CA9BA0B4F3}.ScalemonViewer|ARM64.ActiveCfg = ScalemonViewer|Any CPU
		{4B13550B-D247-45C7-98AB-84CA9BA0B4F3}.ScalemonViewer|ARM64.Build.0 = ScalemonViewer|Any CPU
		{4B13550B-D247-45C7-98AB-84CA9BA0B4F3}.ScalemonViewer|x64.ActiveCfg = ScalemonViewer|Any CPU
		{4B13550B-D247-45C7-98AB-84CA9BA0B4F3}.ScalemonViewer|x64.Build.0 = ScalemonViewer|Any CPU
		{4B13550B-D247-45C7-98AB-84CA9BA0B4F3}.ScalemonViewer|x86.ActiveCfg = ScalemonViewer|Any CPU
		{4B13550B-D247-45C7-98AB-84CA9BA0B4F3}.ScalemonViewer|x86.Build.0 = ScalemonViewer|Any CPU
		{4B13550B-D247-45C7-98AB-84CA9BA0B4F3}.ServiceDebug|Any CPU.ActiveCfg = ScalemonViewer|Any CPU
		{4B13550B-D247-45C7-98AB-84CA9BA0B4F3}.ServiceDebug|ARM.ActiveCfg = Debug|Any CPU
		{4B13550B-D247-45C7-98AB-84CA9BA0B4F3}.ServiceDebug|ARM.Build.0 = Debug|Any CPU
		{4B13550B-D247-45C7-98AB-84CA9BA0B4F3}.ServiceDebug|ARM64.ActiveCfg = Debug|Any CPU
		{4B13550B-D247-45C7-98AB-84CA9BA0B4F3}.ServiceDebug|ARM64.Build.0 = Debug|Any CPU
		{4B13550B-D247-45C7-98AB-84CA9BA0B4F3}.ServiceDebug|x64.ActiveCfg = Debug|Any CPU
		{4B13550B-D247-45C7-98AB-84CA9BA0B4F3}.ServiceDebug|x64.Build.0 = Debug|Any CPU
		{4B13550B-D247-45C7-98AB-84CA9BA0B4F3}.ServiceDebug|x86.ActiveCfg = Debug|Any CPU
		{4B13550B-D247-45C7-98AB-84CA9BA0B4F3}.ServiceDebug|x86.Build.0 = Debug|Any CPU
		{4B13550B-D247-45C7-98AB-84CA9BA0B4F3}.ServiceRelease|Any CPU.ActiveCfg = ScalemonViewer|Any CPU
		{4B13550B-D247-45C7-98AB-84CA9BA0B4F3}.ServiceRelease|ARM.ActiveCfg = Release|Any CPU
		{4B13550B-D247-45C7-98AB-84CA9BA0B4F3}.ServiceRelease|ARM.Build.0 = Release|Any CPU
		{4B13550B-D247-45C7-98AB-84CA9BA0B4F3}.ServiceRelease|ARM64.ActiveCfg = Release|Any CPU
		{4B13550B-D247-45C7-98AB-84CA9BA0B4F3}.ServiceRelease|ARM64.Build.0 = Release|Any CPU
		{4B13550B-D247-45C7-98AB-84CA9BA0B4F3}.ServiceRelease|x64.ActiveCfg = Release|Any CPU
		{4B13550B-D247-45C7-98AB-84CA9BA0B4F3}.ServiceRelease|x64.Build.0 = Release|Any CPU
		{4B13550B-D247-45C7-98AB-84CA9BA0B4F3}.ServiceRelease|x86.ActiveCfg = Release|Any CPU
		{4B13550B-D247-45C7-98AB-84CA9BA0B4F3}.ServiceRelease|x86.Build.0 = Release|Any CPU
		{AEBCA79A-989E-4EA0-BA43-71DA936C7C7A}.ArduinoController|Any CPU.ActiveCfg = Debug|Any CPU
		{AEBCA79A-989E-4EA0-BA43-71DA936C7C7A}.ArduinoController|ARM.ActiveCfg = ArduinoController|Any CPU
		{AEBCA79A-989E-4EA0-BA43-71DA936C7C7A}.ArduinoController|ARM.Build.0 = ArduinoController|Any CPU
		{AEBCA79A-989E-4EA0-BA43-71DA936C7C7A}.ArduinoController|ARM64.ActiveCfg = ArduinoController|Any CPU
		{AEBCA79A-989E-4EA0-BA43-71DA936C7C7A}.ArduinoController|ARM64.Build.0 = ArduinoController|Any CPU
		{AEBCA79A-989E-4EA0-BA43-71DA936C7C7A}.ArduinoController|x64.ActiveCfg = ArduinoController|Any CPU
		{AEBCA79A-989E-4EA0-BA43-71DA936C7C7A}.ArduinoController|x64.Build.0 = ArduinoController|Any CPU
		{AEBCA79A-989E-4EA0-BA43-71DA936C7C7A}.ArduinoController|x86.ActiveCfg = ArduinoController|Any CPU
		{AEBCA79A-989E-4EA0-BA43-71DA936C7C7A}.ArduinoController|x86.Build.0 = ArduinoController|Any CPU
		{AEBCA79A-989E-4EA0-BA43-71DA936C7C7A}.ScalemonViewer|Any CPU.ActiveCfg = Debug|Any CPU
		{AEBCA79A-989E-4EA0-BA43-71DA936C7C7A}.ScalemonViewer|ARM.ActiveCfg = ScalemonViewer|Any CPU
		{AEBCA79A-989E-4EA0-BA43-71DA936C7C7A}.ScalemonViewer|ARM.Build.0 = ScalemonViewer|Any CPU
		{AEBCA79A-989E-4EA0-BA43-71DA936C7C7A}.ScalemonViewer|ARM64.ActiveCfg = ScalemonViewer|Any CPU
		{AEBCA79A-989E-4EA0-BA43-71DA936C7C7A}.ScalemonViewer|ARM64.Build.0 = ScalemonViewer|Any CPU
		{AEBCA79A-989E-4EA0-BA43-71DA936C7C7A}.ScalemonViewer|x64.ActiveCfg = ScalemonViewer|Any CPU
		{AEBCA79A-989E-4EA0-BA43-71DA936C7C7A}.ScalemonViewer|x64.Build.0 = ScalemonViewer|Any CPU
		{AEBCA79A-989E-4EA0-BA43-71DA936C7C7A}.ScalemonViewer|x86.ActiveCfg = ScalemonViewer|Any CPU
		{AEBCA79A-989E-4EA0-BA43-71DA936C7C7A}.ScalemonViewer|x86.Build.0 = ScalemonViewer|Any CPU
		{AEBCA79A-989E-4EA0-BA43-71DA936C7C7A}.ServiceDebug|Any CPU.ActiveCfg = Debug|Any CPU
		{AEBCA79A-989E-4EA0-BA43-71DA936C7C7A}.ServiceDebug|Any CPU.Build.0 = Debug|Any CPU
		{AEBCA79A-989E-4EA0-BA43-71DA936C7C7A}.ServiceDebug|ARM.ActiveCfg = Debug|Any CPU
		{AEBCA79A-989E-4EA0-BA43-71DA936C7C7A}.ServiceDebug|ARM.Build.0 = Debug|Any CPU
		{AEBCA79A-989E-4EA0-BA43-71DA936C7C7A}.ServiceDebug|ARM64.ActiveCfg = Debug|Any CPU
		{AEBCA79A-989E-4EA0-BA43-71DA936C7C7A}.ServiceDebug|ARM64.Build.0 = Debug|Any CPU
		{AEBCA79A-989E-4EA0-BA43-71DA936C7C7A}.ServiceDebug|x64.ActiveCfg = Debug|Any CPU
		{AEBCA79A-989E-4EA0-BA43-71DA936C7C7A}.ServiceDebug|x64.Build.0 = Debug|Any CPU
		{AEBCA79A-989E-4EA0-BA43-71DA936C7C7A}.ServiceDebug|x86.ActiveCfg = Debug|Any CPU
		{AEBCA79A-989E-4EA0-BA43-71DA936C7C7A}.ServiceDebug|x86.Build.0 = Debug|Any CPU
		{AEBCA79A-989E-4EA0-BA43-71DA936C7C7A}.ServiceRelease|Any CPU.ActiveCfg = Release|Any CPU
		{AEBCA79A-989E-4EA0-BA43-71DA936C7C7A}.ServiceRelease|Any CPU.Build.0 = Release|Any CPU
		{AEBCA79A-989E-4EA0-BA43-71DA936C7C7A}.ServiceRelease|ARM.ActiveCfg = Release|Any CPU
		{AEBCA79A-989E-4EA0-BA43-71DA936C7C7A}.ServiceRelease|ARM.Build.0 = Release|Any CPU
		{AEBCA79A-989E-4EA0-BA43-71DA936C7C7A}.ServiceRelease|ARM64.ActiveCfg = Release|Any CPU
		{AEBCA79A-989E-4EA0-BA43-71DA936C7C7A}.ServiceRelease|ARM64.Build.0 = Release|Any CPU
		{AEBCA79A-989E-4EA0-BA43-71DA936C7C7A}.ServiceRelease|x64.ActiveCfg = Release|Any CPU
		{AEBCA79A-989E-4EA0-BA43-71DA936C7C7A}.ServiceRelease|x64.Build.0 = Release|Any CPU
		{AEBCA79A-989E-4EA0-BA43-71DA936C7C7A}.ServiceRelease|x86.ActiveCfg = Release|Any CPU
		{AEBCA79A-989E-4EA0-BA43-71DA936C7C7A}.ServiceRelease|x86.Build.0 = Release|Any CPU
		{00F00119-13BB-48B4-8216-FFCD889BB144}.ArduinoController|Any CPU.ActiveCfg = Debug|Any CPU
		{00F00119-13BB-48B4-8216-FFCD889BB144}.ArduinoController|ARM.ActiveCfg = ArduinoController|Any CPU
		{00F00119-13BB-48B4-8216-FFCD889BB144}.ArduinoController|ARM.Build.0 = ArduinoController|Any CPU
		{00F00119-13BB-48B4-8216-FFCD889BB144}.ArduinoController|ARM64.ActiveCfg = ArduinoController|Any CPU
		{00F00119-13BB-48B4-8216-FFCD889BB144}.ArduinoController|ARM64.Build.0 = ArduinoController|Any CPU
		{00F00119-13BB-48B4-8216-FFCD889BB144}.ArduinoController|x64.ActiveCfg = ArduinoController|Any CPU
		{00F00119-13BB-48B4-8216-FFCD889BB144}.ArduinoController|x64.Build.0 = ArduinoController|Any CPU
		{00F00119-13BB-48B4-8216-FFCD889BB144}.ArduinoController|x86.ActiveCfg = ArduinoController|Any CPU
		{00F00119-13BB-48B4-8216-FFCD889BB144}.ArduinoController|x86.Build.0 = ArduinoController|Any CPU
		{00F00119-13BB-48B4-8216-FFCD889BB144}.ScalemonViewer|Any CPU.ActiveCfg = Debug|Any CPU
		{00F00119-13BB-48B4-8216-FFCD889BB144}.ScalemonViewer|ARM.ActiveCfg = ScalemonViewer|Any CPU
		{00F00119-13BB-48B4-8216-FFCD889BB144}.ScalemonViewer|ARM.Build.0 = ScalemonViewer|Any CPU
		{00F00119-13BB-48B4-8216-FFCD889BB144}.ScalemonViewer|ARM64.ActiveCfg = ScalemonViewer|Any CPU
		{00F00119-13BB-48B4-8216-FFCD889BB144}.ScalemonViewer|ARM64.Build.0 = ScalemonViewer|Any CPU
		{00F00119-13BB-48B4-8216-FFCD889BB144}.ScalemonViewer|x64.ActiveCfg = ScalemonViewer|Any CPU
		{00F00119-13BB-48B4-8216-FFCD889BB144}.ScalemonViewer|x64.Build.0 = ScalemonViewer|Any CPU
		{00F00119-13BB-48B4-8216-FFCD889BB144}.ScalemonViewer|x86.ActiveCfg = ScalemonViewer|Any CPU
		{00F00119-13BB-48B4-8216-FFCD889BB144}.ScalemonViewer|x86.Build.0 = ScalemonViewer|Any CPU
		{00F00119-13BB-48B4-8216-FFCD889BB144}.ServiceDebug|Any CPU.ActiveCfg = Debug|Any CPU
		{00F00119-13BB-48B4-8216-FFCD889BB144}.ServiceDebug|Any CPU.Build.0 = Debug|Any CPU
		{00F00119-13BB-48B4-8216-FFCD889BB144}.ServiceDebug|ARM.ActiveCfg = Debug|Any CPU
		{00F00119-13BB-48B4-8216-FFCD889BB144}.ServiceDebug|ARM.Build.0 = Debug|Any CPU
		{00F00119-13BB-48B4-8216-FFCD889BB144}.ServiceDebug|ARM64.ActiveCfg = Debug|Any CPU
		{00F00119-13BB-48B4-8216-FFCD889BB144}.ServiceDebug|ARM64.Build.0 = Debug|Any CPU
		{00F00119-13BB-48B4-8216-FFCD889BB144}.ServiceDebug|x64.ActiveCfg = Debug|Any CPU
		{00F00119-13BB-48B4-8216-FFCD889BB144}.ServiceDebug|x64.Build.0 = Debug|Any CPU
		{00F00119-13BB-48B4-8216-FFCD889BB144}.ServiceDebug|x86.ActiveCfg = Debug|Any CPU
		{00F00119-13BB-48B4-8216-FFCD889BB144}.ServiceDebug|x86.Build.0 = Debug|Any CPU
		{00F00119-13BB-48B4-8216-FFCD889BB144}.ServiceRelease|Any CPU.ActiveCfg = Release|Any CPU
		{00F00119-13BB-48B4-8216-FFCD889BB144}.ServiceRelease|Any CPU.Build.0 = Release|Any CPU
		{00F00119-13BB-48B4-8216-FFCD889BB144}.ServiceRelease|ARM.ActiveCfg = Release|Any CPU
		{00F00119-13BB-48B4-8216-FFCD889BB144}.ServiceRelease|ARM.Build.0 = Release|Any CPU
		{00F00119-13BB-48B4-8216-FFCD889BB144}.ServiceRelease|ARM64.ActiveCfg = Release|Any CPU
		{00F00119-13BB-48B4-8216-FFCD889BB144}.ServiceRelease|ARM64.Build.0 = Release|Any CPU
		{00F00119-13BB-48B4-8216-FFCD889BB144}.ServiceRelease|x64.ActiveCfg = Release|Any CPU
		{00F00119-13BB-48B4-8216-FFCD889BB144}.ServiceRelease|x64.Build.0 = Release|Any CPU
		{00F00119-13BB-48B4-8216-FFCD889BB144}.ServiceRelease|x86.ActiveCfg = Release|Any CPU
		{00F00119-13BB-48B4-8216-FFCD889BB144}.ServiceRelease|x86.Build.0 = Release|Any CPU
		{10CE2932-63AD-4699-B5DC-FFD580D2222F}.ArduinoController|Any CPU.ActiveCfg = ArduinoController|x64
		{10CE2932-63AD-4699-B5DC-FFD580D2222F}.ArduinoController|Any CPU.Build.0 = ArduinoController|x64
		{10CE2932-63AD-4699-B5DC-FFD580D2222F}.ArduinoController|Any CPU.Deploy.0 = ArduinoController|x64
		{10CE2932-63AD-4699-B5DC-FFD580D2222F}.ArduinoController|ARM.ActiveCfg = ArduinoController|ARM
		{10CE2932-63AD-4699-B5DC-FFD580D2222F}.ArduinoController|ARM.Build.0 = ArduinoController|ARM
		{10CE2932-63AD-4699-B5DC-FFD580D2222F}.ArduinoController|ARM.Deploy.0 = ArduinoController|ARM
		{10CE2932-63AD-4699-B5DC-FFD580D2222F}.ArduinoController|ARM64.ActiveCfg = ArduinoController|ARM64
		{10CE2932-63AD-4699-B5DC-FFD580D2222F}.ArduinoController|ARM64.Build.0 = ArduinoController|ARM64
		{10CE2932-63AD-4699-B5DC-FFD580D2222F}.ArduinoController|ARM64.Deploy.0 = ArduinoController|ARM64
		{10CE2932-63AD-4699-B5DC-FFD580D2222F}.ArduinoController|x64.ActiveCfg = ArduinoController|x64
		{10CE2932-63AD-4699-B5DC-FFD580D2222F}.ArduinoController|x64.Build.0 = ArduinoController|x64
		{10CE2932-63AD-4699-B5DC-FFD580D2222F}.ArduinoController|x64.Deploy.0 = ArduinoController|x64
		{10CE2932-63AD-4699-B5DC-FFD580D2222F}.ArduinoController|x86.ActiveCfg = ArduinoController|x86
		{10CE2932-63AD-4699-B5DC-FFD580D2222F}.ArduinoController|x86.Build.0 = ArduinoController|x86
		{10CE2932-63AD-4699-B5DC-FFD580D2222F}.ArduinoController|x86.Deploy.0 = ArduinoController|x86
		{10CE2932-63AD-4699-B5DC-FFD580D2222F}.ScalemonViewer|Any CPU.ActiveCfg = ArduinoController|x64
		{10CE2932-63AD-4699-B5DC-FFD580D2222F}.ScalemonViewer|Any CPU.Deploy.0 = ArduinoController|x64
		{10CE2932-63AD-4699-B5DC-FFD580D2222F}.ScalemonViewer|ARM.ActiveCfg = ScalemonViewer|ARM
		{10CE2932-63AD-4699-B5DC-FFD580D2222F}.ScalemonViewer|ARM.Build.0 = ScalemonViewer|ARM
		{10CE2932-63AD-4699-B5DC-FFD580D2222F}.ScalemonViewer|ARM.Deploy.0 = ScalemonViewer|ARM
		{10CE2932-63AD-4699-B5DC-FFD580D2222F}.ScalemonViewer|ARM64.ActiveCfg = ScalemonViewer|ARM64
		{10CE2932-63AD-4699-B5DC-FFD580D2222F}.ScalemonViewer|ARM64.Build.0 = ScalemonViewer|ARM64
		{10CE2932-63AD-4699-B5DC-FFD580D2222F}.ScalemonViewer|ARM64.Deploy.0 = ScalemonViewer|ARM64
		{10CE2932-63AD-4699-B5DC-FFD580D2222F}.ScalemonViewer|x64.ActiveCfg = ScalemonViewer|x64
		{10CE2932-63AD-4699-B5DC-FFD580D2222F}.ScalemonViewer|x64.Build.0 = ScalemonViewer|x64
		{10CE2932-63AD-4699-B5DC-FFD580D2222F}.ScalemonViewer|x64.Deploy.0 = ScalemonViewer|x64
		{10CE2932-63AD-4699-B5DC-FFD580D2222F}.ScalemonViewer|x86.ActiveCfg = ScalemonViewer|x86
		{10CE2932-63AD-4699-B5DC-FFD580D2222F}.ScalemonViewer|x86.Build.0 = ScalemonViewer|x86
		{10CE2932-63AD-4699-B5DC-FFD580D2222F}.ScalemonViewer|x86.Deploy.0 = ScalemonViewer|x86
		{10CE2932-63AD-4699-B5DC-FFD580D2222F}.ServiceDebug|Any CPU.ActiveCfg = ArduinoController|x64
		{10CE2932-63AD-4699-B5DC-FFD580D2222F}.ServiceDebug|ARM.ActiveCfg = Debug|ARM
		{10CE2932-63AD-4699-B5DC-FFD580D2222F}.ServiceDebug|ARM.Build.0 = Debug|ARM
		{10CE2932-63AD-4699-B5DC-FFD580D2222F}.ServiceDebug|ARM.Deploy.0 = Debug|ARM
		{10CE2932-63AD-4699-B5DC-FFD580D2222F}.ServiceDebug|ARM64.ActiveCfg = Debug|ARM64
		{10CE2932-63AD-4699-B5DC-FFD580D2222F}.ServiceDebug|ARM64.Build.0 = Debug|ARM64
		{10CE2932-63AD-4699-B5DC-FFD580D2222F}.ServiceDebug|ARM64.Deploy.0 = Debug|ARM64
		{10CE2932-63AD-4699-B5DC-FFD580D2222F}.ServiceDebug|x64.ActiveCfg = Debug|x64
		{10CE2932-63AD-4699-B5DC-FFD580D2222F}.ServiceDebug|x64.Build.0 = Debug|x64
		{10CE2932-63AD-4699-B5DC-FFD580D2222F}.ServiceDebug|x64.Deploy.0 = Debug|x64
		{10CE2932-63AD-4699-B5DC-FFD580D2222F}.ServiceDebug|x86.ActiveCfg = Debug|x86
		{10CE2932-63AD-4699-B5DC-FFD580D2222F}.ServiceDebug|x86.Build.0 = Debug|x86
		{10CE2932-63AD-4699-B5DC-FFD580D2222F}.ServiceDebug|x86.Deploy.0 = Debug|x86
		{10CE2932-63AD-4699-B5DC-FFD580D2222F}.ServiceRelease|Any CPU.ActiveCfg = ArduinoController|x64
		{10CE2932-63AD-4699-B5DC-FFD580D2222F}.ServiceRelease|ARM.ActiveCfg = Release|ARM
		{10CE2932-63AD-4699-B5DC-FFD580D2222F}.ServiceRelease|ARM.Build.0 = Release|ARM
		{10CE2932-63AD-4699-B5DC-FFD580D2222F}.ServiceRelease|ARM.Deploy.0 = Release|ARM
		{10CE2932-63AD-4699-B5DC-FFD580D2222F}.ServiceRelease|ARM64.ActiveCfg = Release|ARM64
		{10CE2932-63AD-4699-B5DC-FFD580D2222F}.ServiceRelease|ARM64.Build.0 = Release|ARM64
		{10CE2932-63AD-4699-B5DC-FFD580D2222F}.ServiceRelease|ARM64.Deploy.0 = Release|ARM64
		{10CE2932-63AD-4699-B5DC-FFD580D2222F}.ServiceRelease|x64.ActiveCfg = Release|x64
		{10CE2932-63AD-4699-B5DC-FFD580D2222F}.ServiceRelease|x64.Build.0 = Release|x64
		{10CE2932-63AD-4699-B5DC-FFD580D2222F}.ServiceRelease|x64.Deploy.0 = Release|x64
		{10CE2932-63AD-4699-B5DC-FFD580D2222F}.ServiceRelease|x86.ActiveCfg = Release|x86
		{10CE2932-63AD-4699-B5DC-FFD580D2222F}.ServiceRelease|x86.Build.0 = Release|x86
		{10CE2932-63AD-4699-B5DC-FFD580D2222F}.ServiceRelease|x86.Deploy.0 = Release|x86
		{AEF05355-CF26-4A98-99B1-840459F8F400}.ArduinoController|Any CPU.ActiveCfg = Debug|Any CPU
		{AEF05355-CF26-4A98-99B1-840459F8F400}.ArduinoController|ARM.ActiveCfg = ArduinoController|Any CPU
		{AEF05355-CF26-4A98-99B1-840459F8F400}.ArduinoController|ARM.Build.0 = ArduinoController|Any CPU
		{AEF05355-CF26-4A98-99B1-840459F8F400}.ArduinoController|ARM64.ActiveCfg = ArduinoController|Any CPU
		{AEF05355-CF26-4A98-99B1-840459F8F400}.ArduinoController|ARM64.Build.0 = ArduinoController|Any CPU
		{AEF05355-CF26-4A98-99B1-840459F8F400}.ArduinoController|x64.ActiveCfg = ArduinoController|Any CPU
		{AEF05355-CF26-4A98-99B1-840459F8F400}.ArduinoController|x64.Build.0 = ArduinoController|Any CPU
		{AEF05355-CF26-4A98-99B1-840459F8F400}.ArduinoController|x86.ActiveCfg = ArduinoController|Any CPU
		{AEF05355-CF26-4A98-99B1-840459F8F400}.ArduinoController|x86.Build.0 = ArduinoController|Any CPU
		{AEF05355-CF26-4A98-99B1-840459F8F400}.ScalemonViewer|Any CPU.ActiveCfg = Debug|Any CPU
		{AEF05355-CF26-4A98-99B1-840459F8F400}.ScalemonViewer|ARM.ActiveCfg = ScalemonViewer|Any CPU
		{AEF05355-CF26-4A98-99B1-840459F8F400}.ScalemonViewer|ARM.Build.0 = ScalemonViewer|Any CPU
		{AEF05355-CF26-4A98-99B1-840459F8F400}.ScalemonViewer|ARM64.ActiveCfg = ScalemonViewer|Any CPU
		{AEF05355-CF26-4A98-99B1-840459F8F400}.ScalemonViewer|ARM64.Build.0 = ScalemonViewer|Any CPU
		{AEF05355-CF26-4A98-99B1-840459F8F400}.ScalemonViewer|x64.ActiveCfg = ScalemonViewer|Any CPU
		{AEF05355-CF26-4A98-99B1-840459F8F400}.ScalemonViewer|x64.Build.0 = ScalemonViewer|Any CPU
		{AEF05355-CF26-4A98-99B1-840459F8F400}.ScalemonViewer|x86.ActiveCfg = ScalemonViewer|Any CPU
		{AEF05355-CF26-4A98-99B1-840459F8F400}.ScalemonViewer|x86.Build.0 = ScalemonViewer|Any CPU
		{AEF05355-CF26-4A98-99B1-840459F8F400}.ServiceDebug|Any CPU.ActiveCfg = Debug|Any CPU
		{AEF05355-CF26-4A98-99B1-840459F8F400}.ServiceDebug|Any CPU.Build.0 = Debug|Any CPU
		{AEF05355-CF26-4A98-99B1-840459F8F400}.ServiceDebug|ARM.ActiveCfg = Debug|Any CPU
		{AEF05355-CF26-4A98-99B1-840459F8F400}.ServiceDebug|ARM.Build.0 = Debug|Any CPU
		{AEF05355-CF26-4A98-99B1-840459F8F400}.ServiceDebug|ARM64.ActiveCfg = Debug|Any CPU
		{AEF05355-CF26-4A98-99B1-840459F8F400}.ServiceDebug|ARM64.Build.0 = Debug|Any CPU
		{AEF05355-CF26-4A98-99B1-840459F8F400}.ServiceDebug|x64.ActiveCfg = Debug|Any CPU
		{AEF05355-CF26-4A98-99B1-840459F8F400}.ServiceDebug|x64.Build.0 = Debug|Any CPU
		{AEF05355-CF26-4A98-99B1-840459F8F400}.ServiceDebug|x86.ActiveCfg = Debug|Any CPU
		{AEF05355-CF26-4A98-99B1-840459F8F400}.ServiceDebug|x86.Build.0 = Debug|Any CPU
		{AEF05355-CF26-4A98-99B1-840459F8F400}.ServiceRelease|Any CPU.ActiveCfg = Release|Any CPU
		{AEF05355-CF26-4A98-99B1-840459F8F400}.ServiceRelease|Any CPU.Build.0 = Release|Any CPU
		{AEF05355-CF26-4A98-99B1-840459F8F400}.ServiceRelease|ARM.ActiveCfg = Release|Any CPU
		{AEF05355-CF26-4A98-99B1-840459F8F400}.ServiceRelease|ARM.Build.0 = Release|Any CPU
		{AEF05355-CF26-4A98-99B1-840459F8F400}.ServiceRelease|ARM64.ActiveCfg = Release|Any CPU
		{AEF05355-CF26-4A98-99B1-840459F8F400}.ServiceRelease|ARM64.Build.0 = Release|Any CPU
		{AEF05355-CF26-4A98-99B1-840459F8F400}.ServiceRelease|x64.ActiveCfg = Release|Any CPU
		{AEF05355-CF26-4A98-99B1-840459F8F400}.ServiceRelease|x64.Build.0 = Release|Any CPU
		{AEF05355-CF26-4A98-99B1-840459F8F400}.ServiceRelease|x86.ActiveCfg = Release|Any CPU
		{AEF05355-CF26-4A98-99B1-840459F8F400}.ServiceRelease|x86.Build.0 = Release|Any CPU
		{82AC6E77-D5B0-461C-ADED-13BC34FA4BB8}.ArduinoController|Any CPU.ActiveCfg = Debug|Any CPU
		{82AC6E77-D5B0-461C-ADED-13BC34FA4BB8}.ArduinoController|ARM.ActiveCfg = ArduinoController|Any CPU
		{82AC6E77-D5B0-461C-ADED-13BC34FA4BB8}.ArduinoController|ARM.Build.0 = ArduinoController|Any CPU
		{82AC6E77-D5B0-461C-ADED-13BC34FA4BB8}.ArduinoController|ARM64.ActiveCfg = ArduinoController|Any CPU
		{82AC6E77-D5B0-461C-ADED-13BC34FA4BB8}.ArduinoController|ARM64.Build.0 = ArduinoController|Any CPU
		{82AC6E77-D5B0-461C-ADED-13BC34FA4BB8}.ArduinoController|x64.ActiveCfg = ArduinoController|Any CPU
		{82AC6E77-D5B0-461C-ADED-13BC34FA4BB8}.ArduinoController|x64.Build.0 = ArduinoController|Any CPU
		{82AC6E77-D5B0-461C-ADED-13BC34FA4BB8}.ArduinoController|x86.ActiveCfg = ArduinoController|Any CPU
		{82AC6E77-D5B0-461C-ADED-13BC34FA4BB8}.ArduinoController|x86.Build.0 = ArduinoController|Any CPU
		{82AC6E77-D5B0-461C-ADED-13BC34FA4BB8}.ScalemonViewer|Any CPU.ActiveCfg = Debug|Any CPU
		{82AC6E77-D5B0-461C-ADED-13BC34FA4BB8}.ScalemonViewer|ARM.ActiveCfg = ScalemonViewer|Any CPU
		{82AC6E77-D5B0-461C-ADED-13BC34FA4BB8}.ScalemonViewer|ARM.Build.0 = ScalemonViewer|Any CPU
		{82AC6E77-D5B0-461C-ADED-13BC34FA4BB8}.ScalemonViewer|ARM64.ActiveCfg = ScalemonViewer|Any CPU
		{82AC6E77-D5B0-461C-ADED-13BC34FA4BB8}.ScalemonViewer|ARM64.Build.0 = ScalemonViewer|Any CPU
		{82AC6E77-D5B0-461C-ADED-13BC34FA4BB8}.ScalemonViewer|x64.ActiveCfg = ScalemonViewer|Any CPU
		{82AC6E77-D5B0-461C-ADED-13BC34FA4BB8}.ScalemonViewer|x64.Build.0 = ScalemonViewer|Any CPU
		{82AC6E77-D5B0-461C-ADED-13BC34FA4BB8}.ScalemonViewer|x86.ActiveCfg = ScalemonViewer|Any CPU
		{82AC6E77-D5B0-461C-ADED-13BC34FA4BB8}.ScalemonViewer|x86.Build.0 = ScalemonViewer|Any CPU
		{82AC6E77-D5B0-461C-ADED-13BC34FA4BB8}.ServiceDebug|Any CPU.ActiveCfg = Debug|Any CPU
		{82AC6E77-D5B0-461C-ADED-13BC34FA4BB8}.ServiceDebug|Any CPU.Build.0 = Debug|Any CPU
		{82AC6E77-D5B0-461C-ADED-13BC34FA4BB8}.ServiceDebug|ARM.ActiveCfg = Debug|Any CPU
		{82AC6E77-D5B0-461C-ADED-13BC34FA4BB8}.ServiceDebug|ARM.Build.0 = Debug|Any CPU
		{82AC6E77-D5B0-461C-ADED-13BC34FA4BB8}.ServiceDebug|ARM64.ActiveCfg = Debug|Any CPU
		{82AC6E77-D5B0-461C-ADED-13BC34FA4BB8}.ServiceDebug|ARM64.Build.0 = Debug|Any CPU
		{82AC6E77-D5B0-461C-ADED-13BC34FA4BB8}.ServiceDebug|x64.ActiveCfg = Debug|Any CPU
		{82AC6E77-D5B0-461C-ADED-13BC34FA4BB8}.ServiceDebug|x64.Build.0 = Debug|Any CPU
		{82AC6E77-D5B0-461C-ADED-13BC34FA4BB8}.ServiceDebug|x86.ActiveCfg = Debug|Any CPU
		{82AC6E77-D5B0-461C-ADED-13BC34FA4BB8}.ServiceDebug|x86.Build.0 = Debug|Any CPU
		{82AC6E77-D5B0-461C-ADED-13BC34FA4BB8}.ServiceRelease|Any CPU.ActiveCfg = Release|Any CPU
		{82AC6E77-D5B0-461C-ADED-13BC34FA4BB8}.ServiceRelease|Any CPU.Build.0 = Release|Any CPU
		{82AC6E77-D5B0-461C-ADED-13BC34FA4BB8}.ServiceRelease|ARM.ActiveCfg = Release|Any CPU
		{82AC6E77-D5B0-461C-ADED-13BC34FA4BB8}.ServiceRelease|ARM.Build.0 = Release|Any CPU
		{82AC6E77-D5B0-461C-ADED-13BC34FA4BB8}.ServiceRelease|ARM64.ActiveCfg = Release|Any CPU
		{82AC6E77-D5B0-461C-ADED-13BC34FA4BB8}.ServiceRelease|ARM64.Build.0 = Release|Any CPU
		{82AC6E77-D5B0-461C-ADED-13BC34FA4BB8}.ServiceRelease|x64.ActiveCfg = Release|Any CPU
		{82AC6E77-D5B0-461C-ADED-13BC34FA4BB8}.ServiceRelease|x64.Build.0 = Release|Any CPU
		{82AC6E77-D5B0-461C-ADED-13BC34FA4BB8}.ServiceRelease|x86.ActiveCfg = Release|Any CPU
		{82AC6E77-D5B0-461C-ADED-13BC34FA4BB8}.ServiceRelease|x86.Build.0 = Release|Any CPU
		{4FAE6182-EF24-1305-6DA1-9B9AE60A9B87}.ArduinoController|Any CPU.ActiveCfg = Release|Any CPU
		{4FAE6182-EF24-1305-6DA1-9B9AE60A9B87}.ArduinoController|Any CPU.Build.0 = Release|Any CPU
		{4FAE6182-EF24-1305-6DA1-9B9AE60A9B87}.ArduinoController|ARM.ActiveCfg = Release|Any CPU
		{4FAE6182-EF24-1305-6DA1-9B9AE60A9B87}.ArduinoController|ARM.Build.0 = Release|Any CPU
		{4FAE6182-EF24-1305-6DA1-9B9AE60A9B87}.ArduinoController|ARM64.ActiveCfg = Release|Any CPU
		{4FAE6182-EF24-1305-6DA1-9B9AE60A9B87}.ArduinoController|ARM64.Build.0 = Release|Any CPU
		{4FAE6182-EF24-1305-6DA1-9B9AE60A9B87}.ArduinoController|x64.ActiveCfg = Release|Any CPU
		{4FAE6182-EF24-1305-6DA1-9B9AE60A9B87}.ArduinoController|x64.Build.0 = Release|Any CPU
		{4FAE6182-EF24-1305-6DA1-9B9AE60A9B87}.ArduinoController|x86.ActiveCfg = Release|Any CPU
		{4FAE6182-EF24-1305-6DA1-9B9AE60A9B87}.ArduinoController|x86.Build.0 = Release|Any CPU
		{4FAE6182-EF24-1305-6DA1-9B9AE60A9B87}.ScalemonViewer|Any CPU.ActiveCfg = Release|Any CPU
		{4FAE6182-EF24-1305-6DA1-9B9AE60A9B87}.ScalemonViewer|Any CPU.Build.0 = Release|Any CPU
		{4FAE6182-EF24-1305-6DA1-9B9AE60A9B87}.ScalemonViewer|ARM.ActiveCfg = Release|Any CPU
		{4FAE6182-EF24-1305-6DA1-9B9AE60A9B87}.ScalemonViewer|ARM.Build.0 = Release|Any CPU
		{4FAE6182-EF24-1305-6DA1-9B9AE60A9B87}.ScalemonViewer|ARM64.ActiveCfg = Release|Any CPU
		{4FAE6182-EF24-1305-6DA1-9B9AE60A9B87}.ScalemonViewer|ARM64.Build.0 = Release|Any CPU
		{4FAE6182-EF24-1305-6DA1-9B9AE60A9B87}.ScalemonViewer|x64.ActiveCfg = Release|Any CPU
		{4FAE6182-EF24-1305-6DA1-9B9AE60A9B87}.ScalemonViewer|x64.Build.0 = Release|Any CPU
		{4FAE6182-EF24-1305-6DA1-9B9AE60A9B87}.ScalemonViewer|x86.ActiveCfg = Release|Any CPU
		{4FAE6182-EF24-1305-6DA1-9B9AE60A9B87}.ScalemonViewer|x86.Build.0 = Release|Any CPU
		{4FAE6182-EF24-1305-6DA1-9B9AE60A9B87}.ServiceDebug|Any CPU.ActiveCfg = Debug|Any CPU
		{4FAE6182-EF24-1305-6DA1-9B9AE60A9B87}.ServiceDebug|Any CPU.Build.0 = Debug|Any CPU
		{4FAE6182-EF24-1305-6DA1-9B9AE60A9B87}.ServiceDebug|ARM.ActiveCfg = Debug|Any CPU
		{4FAE6182-EF24-1305-6DA1-9B9AE60A9B87}.ServiceDebug|ARM.Build.0 = Debug|Any CPU
		{4FAE6182-EF24-1305-6DA1-9B9AE60A9B87}.ServiceDebug|ARM64.ActiveCfg = Debug|Any CPU
		{4FAE6182-EF24-1305-6DA1-9B9AE60A9B87}.ServiceDebug|ARM64.Build.0 = Debug|Any CPU
		{4FAE6182-EF24-1305-6DA1-9B9AE60A9B87}.ServiceDebug|x64.ActiveCfg = Debug|Any CPU
		{4FAE6182-EF24-1305-6DA1-9B9AE60A9B87}.ServiceDebug|x64.Build.0 = Debug|Any CPU
		{4FAE6182-EF24-1305-6DA1-9B9AE60A9B87}.ServiceDebug|x86.ActiveCfg = Debug|Any CPU
		{4FAE6182-EF24-1305-6DA1-9B9AE60A9B87}.ServiceDebug|x86.Build.0 = Debug|Any CPU
		{4FAE6182-EF24-1305-6DA1-9B9AE60A9B87}.ServiceRelease|Any CPU.ActiveCfg = Release|Any CPU
		{4FAE6182-EF24-1305-6DA1-9B9AE60A9B87}.ServiceRelease|Any CPU.Build.0 = Release|Any CPU
		{4FAE6182-EF24-1305-6DA1-9B9AE60A9B87}.ServiceRelease|ARM.ActiveCfg = Release|Any CPU
		{4FAE6182-EF24-1305-6DA1-9B9AE60A9B87}.ServiceRelease|ARM.Build.0 = Release|Any CPU
		{4FAE6182-EF24-1305-6DA1-9B9AE60A9B87}.ServiceRelease|ARM64.ActiveCfg = Release|Any CPU
		{4FAE6182-EF24-1305-6DA1-9B9AE60A9B87}.ServiceRelease|ARM64.Build.0 = Release|Any CPU
		{4FAE6182-EF24-1305-6DA1-9B9AE60A9B87}.ServiceRelease|x64.ActiveCfg = Release|Any CPU
		{4FAE6182-EF24-1305-6DA1-9B9AE60A9B87}.ServiceRelease|x64.Build.0 = Release|Any CPU
		{4FAE6182-EF24-1305-6DA1-9B9AE60A9B87}.ServiceRelease|x86.ActiveCfg = Release|Any CPU
		{4FAE6182-EF24-1305-6DA1-9B9AE60A9B87}.ServiceRelease|x86.Build.0 = Release|Any CPU
	EndGlobalSection
	GlobalSection(SolutionProperties) = preSolution
		HideSolutionNode = FALSE
	EndGlobalSection
	GlobalSection(NestedProjects) = preSolution
		{1890F85D-9B15-465A-8A66-1D80727F435C} = {36D591C7-65C7-A0D1-1CBC-10CDE441BDC8}
		{4DB4610E-386C-4787-8AC3-CE738745E96A} = {36D591C7-65C7-A0D1-1CBC-10CDE441BDC8}
		{EF977E74-964F-4523-82ED-EEDB4744EC59} = {36D591C7-65C7-A0D1-1CBC-10CDE441BDC8}
		{647BAD7A-A896-4F0F-84B0-F9CB19DF3952} = {36D591C7-65C7-A0D1-1CBC-10CDE441BDC8}
		{9F539926-BFDA-47CB-84F7-D81777A697D9} = {36D591C7-65C7-A0D1-1CBC-10CDE441BDC8}
		{A9651F3E-A16E-429A-B4D2-84EF4130B43B} = {36D591C7-65C7-A0D1-1CBC-10CDE441BDC8}
		{4B13550B-D247-45C7-98AB-84CA9BA0B4F3} = {261A261C-967F-4E34-9B42-8F1880CF536A}
		{AEBCA79A-989E-4EA0-BA43-71DA936C7C7A} = {36D591C7-65C7-A0D1-1CBC-10CDE441BDC8}
		{00F00119-13BB-48B4-8216-FFCD889BB144} = {36D591C7-65C7-A0D1-1CBC-10CDE441BDC8}
		{10CE2932-63AD-4699-B5DC-FFD580D2222F} = {B61F4063-085D-42B0-9BBC-F97BF4579972}
		{AEF05355-CF26-4A98-99B1-840459F8F400} = {36D591C7-65C7-A0D1-1CBC-10CDE441BDC8}
		{82AC6E77-D5B0-461C-ADED-13BC34FA4BB8} = {36D591C7-65C7-A0D1-1CBC-10CDE441BDC8}
		{4FAE6182-EF24-1305-6DA1-9B9AE60A9B87} = {36D591C7-65C7-A0D1-1CBC-10CDE441BDC8}
	EndGlobalSection
	GlobalSection(ExtensibilityGlobals) = postSolution
		SolutionGuid = {7275CD28-C3F9-40FF-9193-6A9D2CA78C48}
	EndGlobalSection
EndGlobal
