
Microsoft Visual Studio Solution File, Format Version 12.00
# Visual Studio Version 17
VisualStudioVersion = 17.14.36221.1
MinimumVisualStudioVersion = 10.0.40219.1
Project("{FAE04EC0-301F-11D3-BF4B-00C04F79EFBC}") = "Scalemon.ServiceHost", "Scalemon.ServiceHost\Scalemon.ServiceHost.csproj", "{1890F85D-9B15-465A-8A66-1D80727F435C}"
	ProjectSection(ProjectDependencies) = postProject
		{4B13550B-D247-45C7-98AB-84CA9BA0B4F3} = {4B13550B-D247-45C7-98AB-84CA9BA0B4F3}
		{4DB4610E-386C-4787-8AC3-CE738745E96A} = {4DB4610E-386C-4787-8AC3-CE738745E96A}
		{A9651F3E-A16E-429A-B4D2-84EF4130B43B} = {A9651F3E-A16E-429A-B4D2-84EF4130B43B}
	EndProjectSection
EndProject
Project("{F184B08F-C81C-45F6-A57F-5ABD9991F28F}") = "Scalemon.SerialLink", "Scalemon.SerialLink\Scalemon.SerialLink.vbproj", "{4DB4610E-386C-4787-8AC3-CE738745E96A}"
	ProjectSection(ProjectDependencies) = postProject
		{00F00119-13BB-48B4-8216-FFCD889BB144} = {00F00119-13BB-48B4-8216-FFCD889BB144}
	EndProjectSection
EndProject
Project("{F184B08F-C81C-45F6-A57F-5ABD9991F28F}") = "Scalemon.SignalBus", "Scalemon.SignalBus\Scalemon.SignalBus.vbproj", "{EF977E74-964F-4523-82ED-EEDB4744EC59}"
EndProject
Project("{F184B08F-C81C-45F6-A57F-5ABD9991F28F}") = "Scalemon.SqlDataAccess", "Scalemon.DataAccess\Scalemon.SqlDataAccess.vbproj", "{647BAD7A-A896-4F0F-84B0-F9CB19DF3952}"
EndProject
Project("{F184B08F-C81C-45F6-A57F-5ABD9991F28F}") = "Scalemon.FSM", "Scalemon.FSM\Scalemon.FSM.vbproj", "{9F539926-BFDA-47CB-84F7-D81777A697D9}"
EndProject
Project("{F184B08F-C81C-45F6-A57F-5ABD9991F28F}") = "Scalemon.Tests", "Scalemon.Tests\Scalemon.Tests.vbproj", "{A9651F3E-A16E-429A-B4D2-84EF4130B43B}"
EndProject
Project("{F184B08F-C81C-45F6-A57F-5ABD9991F28F}") = "Scalemon.UI", "Scalemon.UI\Scalemon.UI.vbproj", "{4B13550B-D247-45C7-98AB-84CA9BA0B4F3}"
EndProject
Project("{F184B08F-C81C-45F6-A57F-5ABD9991F28F}") = "Scalemon.Diagnostics", "Scalemon.Diagnostics\Scalemon.Diagnostics.vbproj", "{AEBCA79A-989E-4EA0-BA43-71DA936C7C7A}"
EndProject
Project("{F184B08F-C81C-45F6-A57F-5ABD9991F28F}") = "Scalemon.MassaKInterop", "Scalemon.MassaKInterop\Scalemon.MassaKInterop.vbproj", "{00F00119-13BB-48B4-8216-FFCD889BB144}"
EndProject
Project("{F184B08F-C81C-45F6-A57F-5ABD9991F28F}") = "Scalemon.Common", "Scalemon.Common\Scalemon.Common.vbproj", "{B8F5CF10-31AE-4172-BAD8-9243489AFBF8}"
EndProject
Project("{8BC9CEB8-8B4A-11D0-8D11-00A0C91BC942}") = "IndicationController", "IndicationController\IndicationController.vcxproj", "{10CE2932-63AD-4699-B5DC-FFD580D2222F}"
EndProject
Global
	GlobalSection(SolutionConfigurationPlatforms) = preSolution
		Debug|Any CPU = Debug|Any CPU
		Debug|ARM = Debug|ARM
		Debug|ARM64 = Debug|ARM64
		Debug|x64 = Debug|x64
		Debug|x86 = Debug|x86
		Release|Any CPU = Release|Any CPU
		Release|ARM = Release|ARM
		Release|ARM64 = Release|ARM64
		Release|x64 = Release|x64
		Release|x86 = Release|x86
	EndGlobalSection
	GlobalSection(ProjectConfigurationPlatforms) = postSolution
		{1890F85D-9B15-465A-8A66-1D80727F435C}.Debug|Any CPU.ActiveCfg = Debug|Any CPU
		{1890F85D-9B15-465A-8A66-1D80727F435C}.Debug|Any CPU.Build.0 = Debug|Any CPU
		{1890F85D-9B15-465A-8A66-1D80727F435C}.Debug|ARM.ActiveCfg = Debug|Any CPU
		{1890F85D-9B15-465A-8A66-1D80727F435C}.Debug|ARM.Build.0 = Debug|Any CPU
		{1890F85D-9B15-465A-8A66-1D80727F435C}.Debug|ARM64.ActiveCfg = Debug|Any CPU
		{1890F85D-9B15-465A-8A66-1D80727F435C}.Debug|ARM64.Build.0 = Debug|Any CPU
		{1890F85D-9B15-465A-8A66-1D80727F435C}.Debug|x64.ActiveCfg = Debug|Any CPU
		{1890F85D-9B15-465A-8A66-1D80727F435C}.Debug|x64.Build.0 = Debug|Any CPU
		{1890F85D-9B15-465A-8A66-1D80727F435C}.Debug|x86.ActiveCfg = Debug|Any CPU
		{1890F85D-9B15-465A-8A66-1D80727F435C}.Debug|x86.Build.0 = Debug|Any CPU
		{1890F85D-9B15-465A-8A66-1D80727F435C}.Release|Any CPU.ActiveCfg = Release|Any CPU
		{1890F85D-9B15-465A-8A66-1D80727F435C}.Release|Any CPU.Build.0 = Release|Any CPU
		{1890F85D-9B15-465A-8A66-1D80727F435C}.Release|ARM.ActiveCfg = Release|Any CPU
		{1890F85D-9B15-465A-8A66-1D80727F435C}.Release|ARM.Build.0 = Release|Any CPU
		{1890F85D-9B15-465A-8A66-1D80727F435C}.Release|ARM64.ActiveCfg = Release|Any CPU
		{1890F85D-9B15-465A-8A66-1D80727F435C}.Release|ARM64.Build.0 = Release|Any CPU
		{1890F85D-9B15-465A-8A66-1D80727F435C}.Release|x64.ActiveCfg = Release|Any CPU
		{1890F85D-9B15-465A-8A66-1D80727F435C}.Release|x64.Build.0 = Release|Any CPU
		{1890F85D-9B15-465A-8A66-1D80727F435C}.Release|x86.ActiveCfg = Release|Any CPU
		{1890F85D-9B15-465A-8A66-1D80727F435C}.Release|x86.Build.0 = Release|Any CPU
		{4DB4610E-386C-4787-8AC3-CE738745E96A}.Debug|Any CPU.ActiveCfg = Debug|Any CPU
		{4DB4610E-386C-4787-8AC3-CE738745E96A}.Debug|Any CPU.Build.0 = Debug|Any CPU
		{4DB4610E-386C-4787-8AC3-CE738745E96A}.Debug|ARM.ActiveCfg = Debug|Any CPU
		{4DB4610E-386C-4787-8AC3-CE738745E96A}.Debug|ARM.Build.0 = Debug|Any CPU
		{4DB4610E-386C-4787-8AC3-CE738745E96A}.Debug|ARM64.ActiveCfg = Debug|Any CPU
		{4DB4610E-386C-4787-8AC3-CE738745E96A}.Debug|ARM64.Build.0 = Debug|Any CPU
		{4DB4610E-386C-4787-8AC3-CE738745E96A}.Debug|x64.ActiveCfg = Debug|Any CPU
		{4DB4610E-386C-4787-8AC3-CE738745E96A}.Debug|x64.Build.0 = Debug|Any CPU
		{4DB4610E-386C-4787-8AC3-CE738745E96A}.Debug|x86.ActiveCfg = Debug|Any CPU
		{4DB4610E-386C-4787-8AC3-CE738745E96A}.Debug|x86.Build.0 = Debug|Any CPU
		{4DB4610E-386C-4787-8AC3-CE738745E96A}.Release|Any CPU.ActiveCfg = Release|Any CPU
		{4DB4610E-386C-4787-8AC3-CE738745E96A}.Release|Any CPU.Build.0 = Release|Any CPU
		{4DB4610E-386C-4787-8AC3-CE738745E96A}.Release|ARM.ActiveCfg = Release|Any CPU
		{4DB4610E-386C-4787-8AC3-CE738745E96A}.Release|ARM.Build.0 = Release|Any CPU
		{4DB4610E-386C-4787-8AC3-CE738745E96A}.Release|ARM64.ActiveCfg = Release|Any CPU
		{4DB4610E-386C-4787-8AC3-CE738745E96A}.Release|ARM64.Build.0 = Release|Any CPU
		{4DB4610E-386C-4787-8AC3-CE738745E96A}.Release|x64.ActiveCfg = Release|Any CPU
		{4DB4610E-386C-4787-8AC3-CE738745E96A}.Release|x64.Build.0 = Release|Any CPU
		{4DB4610E-386C-4787-8AC3-CE738745E96A}.Release|x86.ActiveCfg = Release|Any CPU
		{4DB4610E-386C-4787-8AC3-CE738745E96A}.Release|x86.Build.0 = Release|Any CPU
		{EF977E74-964F-4523-82ED-EEDB4744EC59}.Debug|Any CPU.ActiveCfg = Debug|Any CPU
		{EF977E74-964F-4523-82ED-EEDB4744EC59}.Debug|Any CPU.Build.0 = Debug|Any CPU
		{EF977E74-964F-4523-82ED-EEDB4744EC59}.Debug|ARM.ActiveCfg = Debug|Any CPU
		{EF977E74-964F-4523-82ED-EEDB4744EC59}.Debug|ARM.Build.0 = Debug|Any CPU
		{EF977E74-964F-4523-82ED-EEDB4744EC59}.Debug|ARM64.ActiveCfg = Debug|Any CPU
		{EF977E74-964F-4523-82ED-EEDB4744EC59}.Debug|ARM64.Build.0 = Debug|Any CPU
		{EF977E74-964F-4523-82ED-EEDB4744EC59}.Debug|x64.ActiveCfg = Debug|Any CPU
		{EF977E74-964F-4523-82ED-EEDB4744EC59}.Debug|x64.Build.0 = Debug|Any CPU
		{EF977E74-964F-4523-82ED-EEDB4744EC59}.Debug|x86.ActiveCfg = Debug|Any CPU
		{EF977E74-964F-4523-82ED-EEDB4744EC59}.Debug|x86.Build.0 = Debug|Any CPU
		{EF977E74-964F-4523-82ED-EEDB4744EC59}.Release|Any CPU.ActiveCfg = Release|Any CPU
		{EF977E74-964F-4523-82ED-EEDB4744EC59}.Release|Any CPU.Build.0 = Release|Any CPU
		{EF977E74-964F-4523-82ED-EEDB4744EC59}.Release|ARM.ActiveCfg = Release|Any CPU
		{EF977E74-964F-4523-82ED-EEDB4744EC59}.Release|ARM.Build.0 = Release|Any CPU
		{EF977E74-964F-4523-82ED-EEDB4744EC59}.Release|ARM64.ActiveCfg = Release|Any CPU
		{EF977E74-964F-4523-82ED-EEDB4744EC59}.Release|ARM64.Build.0 = Release|Any CPU
		{EF977E74-964F-4523-82ED-EEDB4744EC59}.Release|x64.ActiveCfg = Release|Any CPU
		{EF977E74-964F-4523-82ED-EEDB4744EC59}.Release|x64.Build.0 = Release|Any CPU
		{EF977E74-964F-4523-82ED-EEDB4744EC59}.Release|x86.ActiveCfg = Release|Any CPU
		{EF977E74-964F-4523-82ED-EEDB4744EC59}.Release|x86.Build.0 = Release|Any CPU
		{647BAD7A-A896-4F0F-84B0-F9CB19DF3952}.Debug|Any CPU.ActiveCfg = Debug|Any CPU
		{647BAD7A-A896-4F0F-84B0-F9CB19DF3952}.Debug|Any CPU.Build.0 = Debug|Any CPU
		{647BAD7A-A896-4F0F-84B0-F9CB19DF3952}.Debug|ARM.ActiveCfg = Debug|Any CPU
		{647BAD7A-A896-4F0F-84B0-F9CB19DF3952}.Debug|ARM.Build.0 = Debug|Any CPU
		{647BAD7A-A896-4F0F-84B0-F9CB19DF3952}.Debug|ARM64.ActiveCfg = Debug|Any CPU
		{647BAD7A-A896-4F0F-84B0-F9CB19DF3952}.Debug|ARM64.Build.0 = Debug|Any CPU
		{647BAD7A-A896-4F0F-84B0-F9CB19DF3952}.Debug|x64.ActiveCfg = Debug|Any CPU
		{647BAD7A-A896-4F0F-84B0-F9CB19DF3952}.Debug|x64.Build.0 = Debug|Any CPU
		{647BAD7A-A896-4F0F-84B0-F9CB19DF3952}.Debug|x86.ActiveCfg = Debug|Any CPU
		{647BAD7A-A896-4F0F-84B0-F9CB19DF3952}.Debug|x86.Build.0 = Debug|Any CPU
		{647BAD7A-A896-4F0F-84B0-F9CB19DF3952}.Release|Any CPU.ActiveCfg = Release|Any CPU
		{647BAD7A-A896-4F0F-84B0-F9CB19DF3952}.Release|Any CPU.Build.0 = Release|Any CPU
		{647BAD7A-A896-4F0F-84B0-F9CB19DF3952}.Release|ARM.ActiveCfg = Release|Any CPU
		{647BAD7A-A896-4F0F-84B0-F9CB19DF3952}.Release|ARM.Build.0 = Release|Any CPU
		{647BAD7A-A896-4F0F-84B0-F9CB19DF3952}.Release|ARM64.ActiveCfg = Release|Any CPU
		{647BAD7A-A896-4F0F-84B0-F9CB19DF3952}.Release|ARM64.Build.0 = Release|Any CPU
		{647BAD7A-A896-4F0F-84B0-F9CB19DF3952}.Release|x64.ActiveCfg = Release|Any CPU
		{647BAD7A-A896-4F0F-84B0-F9CB19DF3952}.Release|x64.Build.0 = Release|Any CPU
		{647BAD7A-A896-4F0F-84B0-F9CB19DF3952}.Release|x86.ActiveCfg = Release|Any CPU
		{647BAD7A-A896-4F0F-84B0-F9CB19DF3952}.Release|x86.Build.0 = Release|Any CPU
		{9F539926-BFDA-47CB-84F7-D81777A697D9}.Debug|Any CPU.ActiveCfg = Debug|Any CPU
		{9F539926-BFDA-47CB-84F7-D81777A697D9}.Debug|Any CPU.Build.0 = Debug|Any CPU
		{9F539926-BFDA-47CB-84F7-D81777A697D9}.Debug|ARM.ActiveCfg = Debug|Any CPU
		{9F539926-BFDA-47CB-84F7-D81777A697D9}.Debug|ARM.Build.0 = Debug|Any CPU
		{9F539926-BFDA-47CB-84F7-D81777A697D9}.Debug|ARM64.ActiveCfg = Debug|Any CPU
		{9F539926-BFDA-47CB-84F7-D81777A697D9}.Debug|ARM64.Build.0 = Debug|Any CPU
		{9F539926-BFDA-47CB-84F7-D81777A697D9}.Debug|x64.ActiveCfg = Debug|Any CPU
		{9F539926-BFDA-47CB-84F7-D81777A697D9}.Debug|x64.Build.0 = Debug|Any CPU
		{9F539926-BFDA-47CB-84F7-D81777A697D9}.Debug|x86.ActiveCfg = Debug|Any CPU
		{9F539926-BFDA-47CB-84F7-D81777A697D9}.Debug|x86.Build.0 = Debug|Any CPU
		{9F539926-BFDA-47CB-84F7-D81777A697D9}.Release|Any CPU.ActiveCfg = Release|Any CPU
		{9F539926-BFDA-47CB-84F7-D81777A697D9}.Release|Any CPU.Build.0 = Release|Any CPU
		{9F539926-BFDA-47CB-84F7-D81777A697D9}.Release|ARM.ActiveCfg = Release|Any CPU
		{9F539926-BFDA-47CB-84F7-D81777A697D9}.Release|ARM.Build.0 = Release|Any CPU
		{9F539926-BFDA-47CB-84F7-D81777A697D9}.Release|ARM64.ActiveCfg = Release|Any CPU
		{9F539926-BFDA-47CB-84F7-D81777A697D9}.Release|ARM64.Build.0 = Release|Any CPU
		{9F539926-BFDA-47CB-84F7-D81777A697D9}.Release|x64.ActiveCfg = Release|Any CPU
		{9F539926-BFDA-47CB-84F7-D81777A697D9}.Release|x64.Build.0 = Release|Any CPU
		{9F539926-BFDA-47CB-84F7-D81777A697D9}.Release|x86.ActiveCfg = Release|Any CPU
		{9F539926-BFDA-47CB-84F7-D81777A697D9}.Release|x86.Build.0 = Release|Any CPU
		{A9651F3E-A16E-429A-B4D2-84EF4130B43B}.Debug|Any CPU.ActiveCfg = Debug|Any CPU
		{A9651F3E-A16E-429A-B4D2-84EF4130B43B}.Debug|Any CPU.Build.0 = Debug|Any CPU
		{A9651F3E-A16E-429A-B4D2-84EF4130B43B}.Debug|ARM.ActiveCfg = Debug|Any CPU
		{A9651F3E-A16E-429A-B4D2-84EF4130B43B}.Debug|ARM.Build.0 = Debug|Any CPU
		{A9651F3E-A16E-429A-B4D2-84EF4130B43B}.Debug|ARM64.ActiveCfg = Debug|Any CPU
		{A9651F3E-A16E-429A-B4D2-84EF4130B43B}.Debug|ARM64.Build.0 = Debug|Any CPU
		{A9651F3E-A16E-429A-B4D2-84EF4130B43B}.Debug|x64.ActiveCfg = Debug|Any CPU
		{A9651F3E-A16E-429A-B4D2-84EF4130B43B}.Debug|x64.Build.0 = Debug|Any CPU
		{A9651F3E-A16E-429A-B4D2-84EF4130B43B}.Debug|x86.ActiveCfg = Debug|Any CPU
		{A9651F3E-A16E-429A-B4D2-84EF4130B43B}.Debug|x86.Build.0 = Debug|Any CPU
		{A9651F3E-A16E-429A-B4D2-84EF4130B43B}.Release|Any CPU.ActiveCfg = Release|Any CPU
		{A9651F3E-A16E-429A-B4D2-84EF4130B43B}.Release|Any CPU.Build.0 = Release|Any CPU
		{A9651F3E-A16E-429A-B4D2-84EF4130B43B}.Release|ARM.ActiveCfg = Release|Any CPU
		{A9651F3E-A16E-429A-B4D2-84EF4130B43B}.Release|ARM.Build.0 = Release|Any CPU
		{A9651F3E-A16E-429A-B4D2-84EF4130B43B}.Release|ARM64.ActiveCfg = Release|Any CPU
		{A9651F3E-A16E-429A-B4D2-84EF4130B43B}.Release|ARM64.Build.0 = Release|Any CPU
		{A9651F3E-A16E-429A-B4D2-84EF4130B43B}.Release|x64.ActiveCfg = Release|Any CPU
		{A9651F3E-A16E-429A-B4D2-84EF4130B43B}.Release|x64.Build.0 = Release|Any CPU
		{A9651F3E-A16E-429A-B4D2-84EF4130B43B}.Release|x86.ActiveCfg = Release|Any CPU
		{A9651F3E-A16E-429A-B4D2-84EF4130B43B}.Release|x86.Build.0 = Release|Any CPU
		{4B13550B-D247-45C7-98AB-84CA9BA0B4F3}.Debug|Any CPU.ActiveCfg = Debug|Any CPU
		{4B13550B-D247-45C7-98AB-84CA9BA0B4F3}.Debug|Any CPU.Build.0 = Debug|Any CPU
		{4B13550B-D247-45C7-98AB-84CA9BA0B4F3}.Debug|ARM.ActiveCfg = Debug|Any CPU
		{4B13550B-D247-45C7-98AB-84CA9BA0B4F3}.Debug|ARM.Build.0 = Debug|Any CPU
		{4B13550B-D247-45C7-98AB-84CA9BA0B4F3}.Debug|ARM64.ActiveCfg = Debug|Any CPU
		{4B13550B-D247-45C7-98AB-84CA9BA0B4F3}.Debug|ARM64.Build.0 = Debug|Any CPU
		{4B13550B-D247-45C7-98AB-84CA9BA0B4F3}.Debug|x64.ActiveCfg = Debug|Any CPU
		{4B13550B-D247-45C7-98AB-84CA9BA0B4F3}.Debug|x64.Build.0 = Debug|Any CPU
		{4B13550B-D247-45C7-98AB-84CA9BA0B4F3}.Debug|x86.ActiveCfg = Debug|Any CPU
		{4B13550B-D247-45C7-98AB-84CA9BA0B4F3}.Debug|x86.Build.0 = Debug|Any CPU
		{4B13550B-D247-45C7-98AB-84CA9BA0B4F3}.Release|Any CPU.ActiveCfg = Release|Any CPU
		{4B13550B-D247-45C7-98AB-84CA9BA0B4F3}.Release|Any CPU.Build.0 = Release|Any CPU
		{4B13550B-D247-45C7-98AB-84CA9BA0B4F3}.Release|ARM.ActiveCfg = Release|Any CPU
		{4B13550B-D247-45C7-98AB-84CA9BA0B4F3}.Release|ARM.Build.0 = Release|Any CPU
		{4B13550B-D247-45C7-98AB-84CA9BA0B4F3}.Release|ARM64.ActiveCfg = Release|Any CPU
		{4B13550B-D247-45C7-98AB-84CA9BA0B4F3}.Release|ARM64.Build.0 = Release|Any CPU
		{4B13550B-D247-45C7-98AB-84CA9BA0B4F3}.Release|x64.ActiveCfg = Release|Any CPU
		{4B13550B-D247-45C7-98AB-84CA9BA0B4F3}.Release|x64.Build.0 = Release|Any CPU
		{4B13550B-D247-45C7-98AB-84CA9BA0B4F3}.Release|x86.ActiveCfg = Release|Any CPU
		{4B13550B-D247-45C7-98AB-84CA9BA0B4F3}.Release|x86.Build.0 = Release|Any CPU
		{AEBCA79A-989E-4EA0-BA43-71DA936C7C7A}.Debug|Any CPU.ActiveCfg = Debug|Any CPU
		{AEBCA79A-989E-4EA0-BA43-71DA936C7C7A}.Debug|Any CPU.Build.0 = Debug|Any CPU
		{AEBCA79A-989E-4EA0-BA43-71DA936C7C7A}.Debug|ARM.ActiveCfg = Debug|Any CPU
		{AEBCA79A-989E-4EA0-BA43-71DA936C7C7A}.Debug|ARM.Build.0 = Debug|Any CPU
		{AEBCA79A-989E-4EA0-BA43-71DA936C7C7A}.Debug|ARM64.ActiveCfg = Debug|Any CPU
		{AEBCA79A-989E-4EA0-BA43-71DA936C7C7A}.Debug|ARM64.Build.0 = Debug|Any CPU
		{AEBCA79A-989E-4EA0-BA43-71DA936C7C7A}.Debug|x64.ActiveCfg = Debug|Any CPU
		{AEBCA79A-989E-4EA0-BA43-71DA936C7C7A}.Debug|x64.Build.0 = Debug|Any CPU
		{AEBCA79A-989E-4EA0-BA43-71DA936C7C7A}.Debug|x86.ActiveCfg = Debug|Any CPU
		{AEBCA79A-989E-4EA0-BA43-71DA936C7C7A}.Debug|x86.Build.0 = Debug|Any CPU
		{AEBCA79A-989E-4EA0-BA43-71DA936C7C7A}.Release|Any CPU.ActiveCfg = Release|Any CPU
		{AEBCA79A-989E-4EA0-BA43-71DA936C7C7A}.Release|Any CPU.Build.0 = Release|Any CPU
		{AEBCA79A-989E-4EA0-BA43-71DA936C7C7A}.Release|ARM.ActiveCfg = Release|Any CPU
		{AEBCA79A-989E-4EA0-BA43-71DA936C7C7A}.Release|ARM.Build.0 = Release|Any CPU
		{AEBCA79A-989E-4EA0-BA43-71DA936C7C7A}.Release|ARM64.ActiveCfg = Release|Any CPU
		{AEBCA79A-989E-4EA0-BA43-71DA936C7C7A}.Release|ARM64.Build.0 = Release|Any CPU
		{AEBCA79A-989E-4EA0-BA43-71DA936C7C7A}.Release|x64.ActiveCfg = Release|Any CPU
		{AEBCA79A-989E-4EA0-BA43-71DA936C7C7A}.Release|x64.Build.0 = Release|Any CPU
		{AEBCA79A-989E-4EA0-BA43-71DA936C7C7A}.Release|x86.ActiveCfg = Release|Any CPU
		{AEBCA79A-989E-4EA0-BA43-71DA936C7C7A}.Release|x86.Build.0 = Release|Any CPU
		{00F00119-13BB-48B4-8216-FFCD889BB144}.Debug|Any CPU.ActiveCfg = Debug|Any CPU
		{00F00119-13BB-48B4-8216-FFCD889BB144}.Debug|Any CPU.Build.0 = Debug|Any CPU
		{00F00119-13BB-48B4-8216-FFCD889BB144}.Debug|ARM.ActiveCfg = Debug|Any CPU
		{00F00119-13BB-48B4-8216-FFCD889BB144}.Debug|ARM.Build.0 = Debug|Any CPU
		{00F00119-13BB-48B4-8216-FFCD889BB144}.Debug|ARM64.ActiveCfg = Debug|Any CPU
		{00F00119-13BB-48B4-8216-FFCD889BB144}.Debug|ARM64.Build.0 = Debug|Any CPU
		{00F00119-13BB-48B4-8216-FFCD889BB144}.Debug|x64.ActiveCfg = Debug|Any CPU
		{00F00119-13BB-48B4-8216-FFCD889BB144}.Debug|x64.Build.0 = Debug|Any CPU
		{00F00119-13BB-48B4-8216-FFCD889BB144}.Debug|x86.ActiveCfg = Debug|Any CPU
		{00F00119-13BB-48B4-8216-FFCD889BB144}.Debug|x86.Build.0 = Debug|Any CPU
		{00F00119-13BB-48B4-8216-FFCD889BB144}.Release|Any CPU.ActiveCfg = Release|Any CPU
		{00F00119-13BB-48B4-8216-FFCD889BB144}.Release|Any CPU.Build.0 = Release|Any CPU
		{00F00119-13BB-48B4-8216-FFCD889BB144}.Release|ARM.ActiveCfg = Release|Any CPU
		{00F00119-13BB-48B4-8216-FFCD889BB144}.Release|ARM.Build.0 = Release|Any CPU
		{00F00119-13BB-48B4-8216-FFCD889BB144}.Release|ARM64.ActiveCfg = Release|Any CPU
		{00F00119-13BB-48B4-8216-FFCD889BB144}.Release|ARM64.Build.0 = Release|Any CPU
		{00F00119-13BB-48B4-8216-FFCD889BB144}.Release|x64.ActiveCfg = Release|Any CPU
		{00F00119-13BB-48B4-8216-FFCD889BB144}.Release|x64.Build.0 = Release|Any CPU
		{00F00119-13BB-48B4-8216-FFCD889BB144}.Release|x86.ActiveCfg = Release|Any CPU
		{00F00119-13BB-48B4-8216-FFCD889BB144}.Release|x86.Build.0 = Release|Any CPU
		{B8F5CF10-31AE-4172-BAD8-9243489AFBF8}.Debug|Any CPU.ActiveCfg = Debug|Any CPU
		{B8F5CF10-31AE-4172-BAD8-9243489AFBF8}.Debug|Any CPU.Build.0 = Debug|Any CPU
		{B8F5CF10-31AE-4172-BAD8-9243489AFBF8}.Debug|ARM.ActiveCfg = Debug|Any CPU
		{B8F5CF10-31AE-4172-BAD8-9243489AFBF8}.Debug|ARM.Build.0 = Debug|Any CPU
		{B8F5CF10-31AE-4172-BAD8-9243489AFBF8}.Debug|ARM64.ActiveCfg = Debug|Any CPU
		{B8F5CF10-31AE-4172-BAD8-9243489AFBF8}.Debug|ARM64.Build.0 = Debug|Any CPU
		{B8F5CF10-31AE-4172-BAD8-9243489AFBF8}.Debug|x64.ActiveCfg = Debug|Any CPU
		{B8F5CF10-31AE-4172-BAD8-9243489AFBF8}.Debug|x64.Build.0 = Debug|Any CPU
		{B8F5CF10-31AE-4172-BAD8-9243489AFBF8}.Debug|x86.ActiveCfg = Debug|Any CPU
		{B8F5CF10-31AE-4172-BAD8-9243489AFBF8}.Debug|x86.Build.0 = Debug|Any CPU
		{B8F5CF10-31AE-4172-BAD8-9243489AFBF8}.Release|Any CPU.ActiveCfg = Release|Any CPU
		{B8F5CF10-31AE-4172-BAD8-9243489AFBF8}.Release|Any CPU.Build.0 = Release|Any CPU
		{B8F5CF10-31AE-4172-BAD8-9243489AFBF8}.Release|ARM.ActiveCfg = Release|Any CPU
		{B8F5CF10-31AE-4172-BAD8-9243489AFBF8}.Release|ARM.Build.0 = Release|Any CPU
		{B8F5CF10-31AE-4172-BAD8-9243489AFBF8}.Release|ARM64.ActiveCfg = Release|Any CPU
		{B8F5CF10-31AE-4172-BAD8-9243489AFBF8}.Release|ARM64.Build.0 = Release|Any CPU
		{B8F5CF10-31AE-4172-BAD8-9243489AFBF8}.Release|x64.ActiveCfg = Release|Any CPU
		{B8F5CF10-31AE-4172-BAD8-9243489AFBF8}.Release|x64.Build.0 = Release|Any CPU
		{B8F5CF10-31AE-4172-BAD8-9243489AFBF8}.Release|x86.ActiveCfg = Release|Any CPU
		{B8F5CF10-31AE-4172-BAD8-9243489AFBF8}.Release|x86.Build.0 = Release|Any CPU
		{10CE2932-63AD-4699-B5DC-FFD580D2222F}.Debug|Any CPU.ActiveCfg = Debug|x64
		{10CE2932-63AD-4699-B5DC-FFD580D2222F}.Debug|Any CPU.Build.0 = Debug|x64
		{10CE2932-63AD-4699-B5DC-FFD580D2222F}.Debug|Any CPU.Deploy.0 = Debug|x64
		{10CE2932-63AD-4699-B5DC-FFD580D2222F}.Debug|ARM.ActiveCfg = Debug|ARM
		{10CE2932-63AD-4699-B5DC-FFD580D2222F}.Debug|ARM.Build.0 = Debug|ARM
		{10CE2932-63AD-4699-B5DC-FFD580D2222F}.Debug|ARM.Deploy.0 = Debug|ARM
		{10CE2932-63AD-4699-B5DC-FFD580D2222F}.Debug|ARM64.ActiveCfg = Debug|ARM64
		{10CE2932-63AD-4699-B5DC-FFD580D2222F}.Debug|ARM64.Build.0 = Debug|ARM64
		{10CE2932-63AD-4699-B5DC-FFD580D2222F}.Debug|ARM64.Deploy.0 = Debug|ARM64
		{10CE2932-63AD-4699-B5DC-FFD580D2222F}.Debug|x64.ActiveCfg = Debug|x64
		{10CE2932-63AD-4699-B5DC-FFD580D2222F}.Debug|x64.Build.0 = Debug|x64
		{10CE2932-63AD-4699-B5DC-FFD580D2222F}.Debug|x64.Deploy.0 = Debug|x64
		{10CE2932-63AD-4699-B5DC-FFD580D2222F}.Debug|x86.ActiveCfg = Debug|x86
		{10CE2932-63AD-4699-B5DC-FFD580D2222F}.Debug|x86.Build.0 = Debug|x86
		{10CE2932-63AD-4699-B5DC-FFD580D2222F}.Debug|x86.Deploy.0 = Debug|x86
		{10CE2932-63AD-4699-B5DC-FFD580D2222F}.Release|Any CPU.ActiveCfg = Release|x64
		{10CE2932-63AD-4699-B5DC-FFD580D2222F}.Release|Any CPU.Build.0 = Release|x64
		{10CE2932-63AD-4699-B5DC-FFD580D2222F}.Release|Any CPU.Deploy.0 = Release|x64
		{10CE2932-63AD-4699-B5DC-FFD580D2222F}.Release|ARM.ActiveCfg = Release|ARM
		{10CE2932-63AD-4699-B5DC-FFD580D2222F}.Release|ARM.Build.0 = Release|ARM
		{10CE2932-63AD-4699-B5DC-FFD580D2222F}.Release|ARM.Deploy.0 = Release|ARM
		{10CE2932-63AD-4699-B5DC-FFD580D2222F}.Release|ARM64.ActiveCfg = Release|ARM64
		{10CE2932-63AD-4699-B5DC-FFD580D2222F}.Release|ARM64.Build.0 = Release|ARM64
		{10CE2932-63AD-4699-B5DC-FFD580D2222F}.Release|ARM64.Deploy.0 = Release|ARM64
		{10CE2932-63AD-4699-B5DC-FFD580D2222F}.Release|x64.ActiveCfg = Release|x64
		{10CE2932-63AD-4699-B5DC-FFD580D2222F}.Release|x64.Build.0 = Release|x64
		{10CE2932-63AD-4699-B5DC-FFD580D2222F}.Release|x64.Deploy.0 = Release|x64
		{10CE2932-63AD-4699-B5DC-FFD580D2222F}.Release|x86.ActiveCfg = Release|x86
		{10CE2932-63AD-4699-B5DC-FFD580D2222F}.Release|x86.Build.0 = Release|x86
		{10CE2932-63AD-4699-B5DC-FFD580D2222F}.Release|x86.Deploy.0 = Release|x86
	EndGlobalSection
	GlobalSection(SolutionProperties) = preSolution
		HideSolutionNode = FALSE
	EndGlobalSection
	GlobalSection(ExtensibilityGlobals) = postSolution
		SolutionGuid = {7275CD28-C3F9-40FF-9193-6A9D2CA78C48}
	EndGlobalSection
EndGlobal
